// !$*UTF8*$!
{
	archiveVersion = 1;
	classes = {
	};
	objectVersion = 46;
	objects = {

/* Begin PBXBuildFile section */
		1B06B79E15498DE30077D996 /* CXMLElement+Custom.h in Headers */ = {isa = PBXBuildFile; fileRef = 1B06B79C15498DE30077D996 /* CXMLElement+Custom.h */; };
		1B06B79F15498DE30077D996 /* CXMLElement+Custom.m in Sources */ = {isa = PBXBuildFile; fileRef = 1B06B79D15498DE30077D996 /* CXMLElement+Custom.m */; };
		1B06B7A315498E260077D996 /* CXMLNode+Custom.h in Headers */ = {isa = PBXBuildFile; fileRef = 1B06B7A115498E260077D996 /* CXMLNode+Custom.h */; };
		1B06B7A415498E260077D996 /* CXMLNode+Custom.m in Sources */ = {isa = PBXBuildFile; fileRef = 1B06B7A215498E260077D996 /* CXMLNode+Custom.m */; };
		1B06B7BD154992FB0077D996 /* jRestKitXMLTools.h in Headers */ = {isa = PBXBuildFile; fileRef = 1B06B7BB154992FB0077D996 /* jRestKitXMLTools.h */; };
		1B06B7BE154992FB0077D996 /* jRestKitXMLTools.m in Sources */ = {isa = PBXBuildFile; fileRef = 1B06B7BC154992FB0077D996 /* jRestKitXMLTools.m */; };
		1B32850E153FFDD000BE99CC /* JFFDataLoadersTools.h in Headers */ = {isa = PBXBuildFile; fileRef = 1B32850C153FFDD000BE99CC /* JFFDataLoadersTools.h */; };
		1B32850F153FFDD000BE99CC /* JFFDataLoadersTools.m in Sources */ = {isa = PBXBuildFile; fileRef = 1B32850D153FFDD000BE99CC /* JFFDataLoadersTools.m */; };
		1B7ABA85152D973A005DD4CA /* Foundation.framework in Frameworks */ = {isa = PBXBuildFile; fileRef = 1B7ABA84152D973A005DD4CA /* Foundation.framework */; };
		65A0BD6A15301D890007A3B5 /* JFFSmartUrlDataLoader.h in Headers */ = {isa = PBXBuildFile; fileRef = 65A0BD6815301D890007A3B5 /* JFFSmartUrlDataLoader.h */; };
		65A0BD6B15301D890007A3B5 /* JFFSmartUrlDataLoader.m in Sources */ = {isa = PBXBuildFile; fileRef = 65A0BD6915301D890007A3B5 /* JFFSmartUrlDataLoader.m */; };
		65E307BC1531E9B200E0B781 /* JFFRestKitError.h in Headers */ = {isa = PBXBuildFile; fileRef = 65E307BA1531E9B200E0B781 /* JFFRestKitError.h */; };
		65E307BD1531E9B200E0B781 /* JFFRestKitError.m in Sources */ = {isa = PBXBuildFile; fileRef = 65E307BB1531E9B200E0B781 /* JFFRestKitError.m */; };
/* End PBXBuildFile section */

/* Begin PBXFileReference section */
		1B06B79C15498DE30077D996 /* CXMLElement+Custom.h */ = {isa = PBXFileReference; fileEncoding = 4; lastKnownFileType = sourcecode.c.h; path = "CXMLElement+Custom.h"; sourceTree = "<group>"; };
		1B06B79D15498DE30077D996 /* CXMLElement+Custom.m */ = {isa = PBXFileReference; fileEncoding = 4; lastKnownFileType = sourcecode.c.objc; path = "CXMLElement+Custom.m"; sourceTree = "<group>"; };
		1B06B7A115498E260077D996 /* CXMLNode+Custom.h */ = {isa = PBXFileReference; fileEncoding = 4; lastKnownFileType = sourcecode.c.h; path = "CXMLNode+Custom.h"; sourceTree = "<group>"; };
		1B06B7A215498E260077D996 /* CXMLNode+Custom.m */ = {isa = PBXFileReference; fileEncoding = 4; lastKnownFileType = sourcecode.c.objc; path = "CXMLNode+Custom.m"; sourceTree = "<group>"; };
		1B06B7BB154992FB0077D996 /* jRestKitXMLTools.h */ = {isa = PBXFileReference; fileEncoding = 4; lastKnownFileType = sourcecode.c.h; path = jRestKitXMLTools.h; sourceTree = "<group>"; };
		1B06B7BC154992FB0077D996 /* jRestKitXMLTools.m */ = {isa = PBXFileReference; fileEncoding = 4; lastKnownFileType = sourcecode.c.objc; path = jRestKitXMLTools.m; sourceTree = "<group>"; };
		1B32850C153FFDD000BE99CC /* JFFDataLoadersTools.h */ = {isa = PBXFileReference; fileEncoding = 4; lastKnownFileType = sourcecode.c.h; path = JFFDataLoadersTools.h; sourceTree = "<group>"; };
		1B32850D153FFDD000BE99CC /* JFFDataLoadersTools.m */ = {isa = PBXFileReference; fileEncoding = 4; lastKnownFileType = sourcecode.c.objc; path = JFFDataLoadersTools.m; sourceTree = "<group>"; };
		1B7ABA81152D973A005DD4CA /* libJFFRestKit.a */ = {isa = PBXFileReference; explicitFileType = archive.ar; includeInIndex = 0; path = libJFFRestKit.a; sourceTree = BUILT_PRODUCTS_DIR; };
		1B7ABA84152D973A005DD4CA /* Foundation.framework */ = {isa = PBXFileReference; lastKnownFileType = wrapper.framework; name = Foundation.framework; path = System/Library/Frameworks/Foundation.framework; sourceTree = SDKROOT; };
		1B7ABA88152D973A005DD4CA /* JFFRestKit-Prefix.pch */ = {isa = PBXFileReference; lastKnownFileType = sourcecode.c.h; path = "JFFRestKit-Prefix.pch"; sourceTree = "<group>"; };
		1B7ABA89152D973A005DD4CA /* JFFRestKit.h */ = {isa = PBXFileReference; lastKnownFileType = sourcecode.c.h; path = JFFRestKit.h; sourceTree = "<group>"; };
		65A0BD6815301D890007A3B5 /* JFFSmartUrlDataLoader.h */ = {isa = PBXFileReference; fileEncoding = 4; lastKnownFileType = sourcecode.c.h; path = JFFSmartUrlDataLoader.h; sourceTree = "<group>"; };
		65A0BD6915301D890007A3B5 /* JFFSmartUrlDataLoader.m */ = {isa = PBXFileReference; fileEncoding = 4; lastKnownFileType = sourcecode.c.objc; path = JFFSmartUrlDataLoader.m; sourceTree = "<group>"; };
		65E307BA1531E9B200E0B781 /* JFFRestKitError.h */ = {isa = PBXFileReference; fileEncoding = 4; lastKnownFileType = sourcecode.c.h; path = JFFRestKitError.h; sourceTree = "<group>"; };
		65E307BB1531E9B200E0B781 /* JFFRestKitError.m */ = {isa = PBXFileReference; fileEncoding = 4; lastKnownFileType = sourcecode.c.objc; path = JFFRestKitError.m; sourceTree = "<group>"; };
		65E307BE1531EC3B00E0B781 /* JFFRestKitCache.h */ = {isa = PBXFileReference; lastKnownFileType = sourcecode.c.h; path = JFFRestKitCache.h; sourceTree = "<group>"; };
/* End PBXFileReference section */

/* Begin PBXFrameworksBuildPhase section */
		1B7ABA7E152D973A005DD4CA /* Frameworks */ = {
			isa = PBXFrameworksBuildPhase;
			buildActionMask = 2147483647;
			files = (
				1B7ABA85152D973A005DD4CA /* Foundation.framework in Frameworks */,
			);
			runOnlyForDeploymentPostprocessing = 0;
		};
/* End PBXFrameworksBuildPhase section */

/* Begin PBXGroup section */
		1B06B79A15498DD20077D996 /* XML */ = {
			isa = PBXGroup;
			children = (
				1B06B79C15498DE30077D996 /* CXMLElement+Custom.h */,
				1B06B79D15498DE30077D996 /* CXMLElement+Custom.m */,
				1B06B7A115498E260077D996 /* CXMLNode+Custom.h */,
				1B06B7A215498E260077D996 /* CXMLNode+Custom.m */,
				1B06B7BB154992FB0077D996 /* jRestKitXMLTools.h */,
				1B06B7BC154992FB0077D996 /* jRestKitXMLTools.m */,
			);
			path = XML;
			sourceTree = "<group>";
		};
		1B7ABA76152D9739005DD4CA = {
			isa = PBXGroup;
			children = (
				1B7ABA86152D973A005DD4CA /* JFFRestKit */,
				1B7ABA83152D973A005DD4CA /* Frameworks */,
				1B7ABA82152D973A005DD4CA /* Products */,
			);
			sourceTree = "<group>";
		};
		1B7ABA82152D973A005DD4CA /* Products */ = {
			isa = PBXGroup;
			children = (
				1B7ABA81152D973A005DD4CA /* libJFFRestKit.a */,
			);
			name = Products;
			sourceTree = "<group>";
		};
		1B7ABA83152D973A005DD4CA /* Frameworks */ = {
			isa = PBXGroup;
			children = (
				1B7ABA84152D973A005DD4CA /* Foundation.framework */,
			);
			name = Frameworks;
			sourceTree = "<group>";
		};
		1B7ABA86152D973A005DD4CA /* JFFRestKit */ = {
			isa = PBXGroup;
			children = (
				1B06B79A15498DD20077D996 /* XML */,
				65E307BE1531EC3B00E0B781 /* JFFRestKitCache.h */,
				65E307BA1531E9B200E0B781 /* JFFRestKitError.h */,
				65E307BB1531E9B200E0B781 /* JFFRestKitError.m */,
				65A0BD6815301D890007A3B5 /* JFFSmartUrlDataLoader.h */,
				65A0BD6915301D890007A3B5 /* JFFSmartUrlDataLoader.m */,
				1B32850C153FFDD000BE99CC /* JFFDataLoadersTools.h */,
				1B32850D153FFDD000BE99CC /* JFFDataLoadersTools.m */,
				1B7ABA89152D973A005DD4CA /* JFFRestKit.h */,
				1B7ABA87152D973A005DD4CA /* Supporting Files */,
			);
			path = JFFRestKit;
			sourceTree = "<group>";
		};
		1B7ABA87152D973A005DD4CA /* Supporting Files */ = {
			isa = PBXGroup;
			children = (
				1B7ABA88152D973A005DD4CA /* JFFRestKit-Prefix.pch */,
			);
			name = "Supporting Files";
			sourceTree = "<group>";
		};
/* End PBXGroup section */

/* Begin PBXHeadersBuildPhase section */
		1B7ABA7F152D973A005DD4CA /* Headers */ = {
			isa = PBXHeadersBuildPhase;
			buildActionMask = 2147483647;
			files = (
				65A0BD6A15301D890007A3B5 /* JFFSmartUrlDataLoader.h in Headers */,
				65E307BC1531E9B200E0B781 /* JFFRestKitError.h in Headers */,
				1B32850E153FFDD000BE99CC /* JFFDataLoadersTools.h in Headers */,
				1B06B79E15498DE30077D996 /* CXMLElement+Custom.h in Headers */,
				1B06B7A315498E260077D996 /* CXMLNode+Custom.h in Headers */,
				1B06B7BD154992FB0077D996 /* jRestKitXMLTools.h in Headers */,
			);
			runOnlyForDeploymentPostprocessing = 0;
		};
/* End PBXHeadersBuildPhase section */

/* Begin PBXNativeTarget section */
		1B7ABA80152D973A005DD4CA /* JFFRestKit */ = {
			isa = PBXNativeTarget;
			buildConfigurationList = 1B7ABA8E152D973A005DD4CA /* Build configuration list for PBXNativeTarget "JFFRestKit" */;
			buildPhases = (
				1B7ABA7D152D973A005DD4CA /* Sources */,
				1B7ABA7E152D973A005DD4CA /* Frameworks */,
				1B7ABA7F152D973A005DD4CA /* Headers */,
			);
			buildRules = (
			);
			dependencies = (
			);
			name = JFFRestKit;
			productName = JFFRestKit;
			productReference = 1B7ABA81152D973A005DD4CA /* libJFFRestKit.a */;
			productType = "com.apple.product-type.library.static";
		};
/* End PBXNativeTarget section */

/* Begin PBXProject section */
		1B7ABA78152D9739005DD4CA /* Project object */ = {
			isa = PBXProject;
			attributes = {
				LastUpgradeCheck = 0430;
			};
			buildConfigurationList = 1B7ABA7B152D9739005DD4CA /* Build configuration list for PBXProject "JFFRestKit" */;
			compatibilityVersion = "Xcode 3.2";
			developmentRegion = English;
			hasScannedForEncodings = 0;
			knownRegions = (
				en,
			);
			mainGroup = 1B7ABA76152D9739005DD4CA;
			productRefGroup = 1B7ABA82152D973A005DD4CA /* Products */;
			projectDirPath = "";
			projectRoot = "";
			targets = (
				1B7ABA80152D973A005DD4CA /* JFFRestKit */,
			);
		};
/* End PBXProject section */

/* Begin PBXSourcesBuildPhase section */
		1B7ABA7D152D973A005DD4CA /* Sources */ = {
			isa = PBXSourcesBuildPhase;
			buildActionMask = 2147483647;
			files = (
				65A0BD6B15301D890007A3B5 /* JFFSmartUrlDataLoader.m in Sources */,
				65E307BD1531E9B200E0B781 /* JFFRestKitError.m in Sources */,
				1B32850F153FFDD000BE99CC /* JFFDataLoadersTools.m in Sources */,
				1B06B79F15498DE30077D996 /* CXMLElement+Custom.m in Sources */,
				1B06B7A415498E260077D996 /* CXMLNode+Custom.m in Sources */,
				1B06B7BE154992FB0077D996 /* jRestKitXMLTools.m in Sources */,
			);
			runOnlyForDeploymentPostprocessing = 0;
		};
/* End PBXSourcesBuildPhase section */

/* Begin XCBuildConfiguration section */
		1B7ABA8C152D973A005DD4CA /* Debug */ = {
			isa = XCBuildConfiguration;
			buildSettings = {
				ALWAYS_SEARCH_USER_PATHS = NO;
				ARCHS = "$(ARCHS_STANDARD_32_BIT)";
				CLANG_ENABLE_OBJC_ARC = YES;
				COPY_PHASE_STRIP = NO;
				GCC_C_LANGUAGE_STANDARD = gnu99;
				GCC_DYNAMIC_NO_PIC = NO;
				GCC_OPTIMIZATION_LEVEL = 0;
				GCC_PREPROCESSOR_DEFINITIONS = (
					"DEBUG=1",
					"$(inherited)",
				);
				GCC_SYMBOLS_PRIVATE_EXTERN = NO;
				GCC_VERSION = com.apple.compilers.llvm.clang.1_0;
				GCC_WARN_ABOUT_RETURN_TYPE = YES;
				GCC_WARN_UNINITIALIZED_AUTOS = YES;
				GCC_WARN_UNUSED_VARIABLE = YES;
				HEADER_SEARCH_PATHS = (
					.,
					../,
					"../../lib-third-party/TouchXML/Source",
					"$(SDKROOT)/usr/include/libxml2/**",
				);
				IPHONEOS_DEPLOYMENT_TARGET = 5.1;
				SDKROOT = iphoneos;
			};
			name = Debug;
		};
		1B7ABA8D152D973A005DD4CA /* Release */ = {
			isa = XCBuildConfiguration;
			buildSettings = {
				ALWAYS_SEARCH_USER_PATHS = NO;
				ARCHS = "$(ARCHS_STANDARD_32_BIT)";
				CLANG_ENABLE_OBJC_ARC = YES;
				COPY_PHASE_STRIP = YES;
				GCC_C_LANGUAGE_STANDARD = gnu99;
				GCC_VERSION = com.apple.compilers.llvm.clang.1_0;
				GCC_WARN_ABOUT_RETURN_TYPE = YES;
				GCC_WARN_UNINITIALIZED_AUTOS = YES;
				GCC_WARN_UNUSED_VARIABLE = YES;
				HEADER_SEARCH_PATHS = (
					.,
					../,
					"../../lib-third-party/TouchXML/Source",
					"$(SDKROOT)/usr/include/libxml2/**",
				);
				IPHONEOS_DEPLOYMENT_TARGET = 5.1;
				SDKROOT = iphoneos;
				VALIDATE_PRODUCT = YES;
			};
			name = Release;
		};
		1B7ABA8F152D973A005DD4CA /* Debug */ = {
			isa = XCBuildConfiguration;
			buildSettings = {
				DSTROOT = /tmp/JFFRestKit.dst;
				GCC_PRECOMPILE_PREFIX_HEADER = YES;
				GCC_PREFIX_HEADER = "JFFRestKit/JFFRestKit-Prefix.pch";
				OTHER_LDFLAGS = "-ObjC";
				PRODUCT_NAME = "$(TARGET_NAME)";
				SKIP_INSTALL = YES;
			};
			name = Debug;
		};
		1B7ABA90152D973A005DD4CA /* Release */ = {
			isa = XCBuildConfiguration;
			buildSettings = {
				DSTROOT = /tmp/JFFRestKit.dst;
				GCC_PRECOMPILE_PREFIX_HEADER = YES;
				GCC_PREFIX_HEADER = "JFFRestKit/JFFRestKit-Prefix.pch";
				OTHER_LDFLAGS = "-ObjC";
				PRODUCT_NAME = "$(TARGET_NAME)";
				SKIP_INSTALL = YES;
			};
			name = Release;
		};
/* End XCBuildConfiguration section */

/* Begin XCConfigurationList section */
		1B7ABA7B152D9739005DD4CA /* Build configuration list for PBXProject "JFFRestKit" */ = {
			isa = XCConfigurationList;
			buildConfigurations = (
				1B7ABA8C152D973A005DD4CA /* Debug */,
				1B7ABA8D152D973A005DD4CA /* Release */,
			);
			defaultConfigurationIsVisible = 0;
			defaultConfigurationName = Release;
		};
		1B7ABA8E152D973A005DD4CA /* Build configuration list for PBXNativeTarget "JFFRestKit" */ = {
			isa = XCConfigurationList;
			buildConfigurations = (
				1B7ABA8F152D973A005DD4CA /* Debug */,
				1B7ABA90152D973A005DD4CA /* Release */,
			);
			defaultConfigurationIsVisible = 0;
			defaultConfigurationName = Release;
		};
/* End XCConfigurationList section */
	};
	rootObject = 1B7ABA78152D9739005DD4CA /* Project object */;
}
