// !$*UTF8*$!
{
	archiveVersion = 1;
	classes = {
	};
	objectVersion = 46;
	objects = {

/* Begin PBXBuildFile section */
		37063AA315FA3E9200B4B059 /* JFFSocialFoursquare.m in Sources */ = {isa = PBXBuildFile; fileRef = 37063AA215FA3E9200B4B059 /* JFFSocialFoursquare.m */; };
		37063AA715FA4BB900B4B059 /* JFFFoursquareSessionStorage.m in Sources */ = {isa = PBXBuildFile; fileRef = 37063AA615FA4BB900B4B059 /* JFFFoursquareSessionStorage.m */; };
		37063EEB15FE1B9A00B4B059 /* JFFAsyncFoursquaerLogin.m in Sources */ = {isa = PBXBuildFile; fileRef = 37063EEA15FE1B9A00B4B059 /* JFFAsyncFoursquaerLogin.m */; };
		371D85DA15FF31BD001C1C2C /* JFFFoursquareAuthURLError.m in Sources */ = {isa = PBXBuildFile; fileRef = 371D85D915FF31BD001C1C2C /* JFFFoursquareAuthURLError.m */; };
		371D875415FF6090001C1C2C /* JFFAsyncFoursquareRequest.m in Sources */ = {isa = PBXBuildFile; fileRef = 371D875315FF6090001C1C2C /* JFFAsyncFoursquareRequest.m */; };
		371D88A115FF7A94001C1C2C /* JFFFoursquareAuthInvalidAccessTokenError.m in Sources */ = {isa = PBXBuildFile; fileRef = 371D88A015FF7A94001C1C2C /* JFFFoursquareAuthInvalidAccessTokenError.m */; };
		371D88B415FF7C7C001C1C2C /* JFFFoursquareCachedAccessTokenError.m in Sources */ = {isa = PBXBuildFile; fileRef = 371D88B315FF7C7C001C1C2C /* JFFFoursquareCachedAccessTokenError.m */; };
		37497AE21600693900AF0C29 /* FoursquareUserModel.m in Sources */ = {isa = PBXBuildFile; fileRef = 37497AE11600693800AF0C29 /* FoursquareUserModel.m */; };
		37497B851600910400AF0C29 /* FoursquareUserModel+APIParser.m in Sources */ = {isa = PBXBuildFile; fileRef = 37497B841600910400AF0C29 /* FoursquareUserModel+APIParser.m */; };
		37497C761600A15600AF0C29 /* NSArray+FqFriendsAPIParser.m in Sources */ = {isa = PBXBuildFile; fileRef = 37497C751600A15600AF0C29 /* NSArray+FqFriendsAPIParser.m */; };
		37497CC61600A84E00AF0C29 /* JFFFoursquaerAPIInvalidResponseError.m in Sources */ = {isa = PBXBuildFile; fileRef = 37497CC51600A84E00AF0C29 /* JFFFoursquaerAPIInvalidResponseError.m */; };
		37497D9F1601D67C00AF0C29 /* FoursquareCheckinsModel.m in Sources */ = {isa = PBXBuildFile; fileRef = 37497D9E1601D67C00AF0C29 /* FoursquareCheckinsModel.m */; };
		37497DB21601D9CF00AF0C29 /* FoursquareCheckinsModel+APIParser.m in Sources */ = {isa = PBXBuildFile; fileRef = 37497DB11601D9CF00AF0C29 /* FoursquareCheckinsModel+APIParser.m */; };
		37497DB51601DC3800AF0C29 /* NSArray+FqCheckinsAPIParser.m in Sources */ = {isa = PBXBuildFile; fileRef = 37497DB41601DC3800AF0C29 /* NSArray+FqCheckinsAPIParser.m */; };
		37497DB81601DD2500AF0C29 /* NSDictionary+FqAPIResponseParser.m in Sources */ = {isa = PBXBuildFile; fileRef = 37497DB71601DD2500AF0C29 /* NSDictionary+FqAPIResponseParser.m */; };
		4C3F01DE16DD0C9E00558DE6 /* JFFFacebookLoginFailedAccessForbidden.m in Sources */ = {isa = PBXBuildFile; fileRef = 4C3F01DD16DD0C9E00558DE6 /* JFFFacebookLoginFailedAccessForbidden.m */; };
		4C70273616D683A00078A2F2 /* JFFSocialFacebookUser.m in Sources */ = {isa = PBXBuildFile; fileRef = 4C70273516D683A00078A2F2 /* JFFSocialFacebookUser.m */; };
		4C70273916D684290078A2F2 /* JFFSocialFacebookUser+Parser.m in Sources */ = {isa = PBXBuildFile; fileRef = 4C70273816D684290078A2F2 /* JFFSocialFacebookUser+Parser.m */; };
		4C70273C16D6870A0078A2F2 /* JFFAsyncFacebook.m in Sources */ = {isa = PBXBuildFile; fileRef = 4C70273B16D6870A0078A2F2 /* JFFAsyncFacebook.m */; };
		4C75C73716D3EAD7003B0C43 /* JFFFacebookError.m in Sources */ = {isa = PBXBuildFile; fileRef = 4C75C73616D3EAD7003B0C43 /* JFFFacebookError.m */; };
		4C75C73A16D3EB12003B0C43 /* JFFFacebookAuthorizeError.m in Sources */ = {isa = PBXBuildFile; fileRef = 4C75C73916D3EB12003B0C43 /* JFFFacebookAuthorizeError.m */; };
		4C75C73D16D3EB32003B0C43 /* JFFFacebookRequestPublishingAccessError.m in Sources */ = {isa = PBXBuildFile; fileRef = 4C75C73C16D3EB31003B0C43 /* JFFFacebookRequestPublishingAccessError.m */; };
		4C75C74116D3EBD0003B0C43 /* JFFAsyncFacebookLogin.m in Sources */ = {isa = PBXBuildFile; fileRef = 4C75C74016D3EBD0003B0C43 /* JFFAsyncFacebookLogin.m */; };
		4C75C74416D3EC97003B0C43 /* JFFFacebookPublishAccessRequestAdapter.m in Sources */ = {isa = PBXBuildFile; fileRef = 4C75C74316D3EC96003B0C43 /* JFFFacebookPublishAccessRequestAdapter.m */; };
		4C75C74616D3ED3D003B0C43 /* FacebookSDK.framework in Frameworks */ = {isa = PBXBuildFile; fileRef = 4C75C74516D3ED3D003B0C43 /* FacebookSDK.framework */; };
		4C75C74916D3EEB4003B0C43 /* JFFAsyncFacebookLogout.m in Sources */ = {isa = PBXBuildFile; fileRef = 4C75C74816D3EEB4003B0C43 /* JFFAsyncFacebookLogout.m */; };
		4C75C74C16D3F10F003B0C43 /* JFFSocialFacebook.m in Sources */ = {isa = PBXBuildFile; fileRef = 4C75C74B16D3F10E003B0C43 /* JFFSocialFacebook.m */; };
		4CB52D6016DF93C9001E64F0 /* JFFAsyncFacebookDialog.m in Sources */ = {isa = PBXBuildFile; fileRef = 4CB52D5F16DF93C9001E64F0 /* JFFAsyncFacebookDialog.m */; };
		4CDFCF7A16DD15BF00E978E0 /* JFFFacebookLoginFailedPasswordWasChanged.m in Sources */ = {isa = PBXBuildFile; fileRef = 4CDFCF7916DD15BF00E978E0 /* JFFFacebookLoginFailedPasswordWasChanged.m */; };
		4CFC62B816D61E3800D084F7 /* JFFFacebookSDKErrors.m in Sources */ = {isa = PBXBuildFile; fileRef = 4CFC62B716D61E3800D084F7 /* JFFFacebookSDKErrors.m */; };
		4CFC62BB16D61E7E00D084F7 /* JFFFacebookLoginFailedCanceledError.m in Sources */ = {isa = PBXBuildFile; fileRef = 4CFC62BA16D61E7E00D084F7 /* JFFFacebookLoginFailedCanceledError.m */; };
		502AFF7816029E09009BCEEF /* JFFFoursquareNotFoundUsersCheckinsError.m in Sources */ = {isa = PBXBuildFile; fileRef = 502AFF7716029E09009BCEEF /* JFFFoursquareNotFoundUsersCheckinsError.m */; };
		CE4F600C15F8B2BB00271035 /* Foundation.framework in Frameworks */ = {isa = PBXBuildFile; fileRef = CE4F600B15F8B2BB00271035 /* Foundation.framework */; };
		CE4F601115F8B2BB00271035 /* JFFSocial.h in CopyFiles */ = {isa = PBXBuildFile; fileRef = CE4F601015F8B2BB00271035 /* JFFSocial.h */; };
		CE4F601C15F8B30C00271035 /* JFFSocialTwitter.m in Sources */ = {isa = PBXBuildFile; fileRef = CE4F601B15F8B30C00271035 /* JFFSocialTwitter.m */; };
		CE4F606E15F8B63F00271035 /* JFFSocialAccount.m in Sources */ = {isa = PBXBuildFile; fileRef = CE4F606D15F8B63F00271035 /* JFFSocialAccount.m */; };
		CE4F609115F8B85300271035 /* JFFAsyncTwitterRequest.m in Sources */ = {isa = PBXBuildFile; fileRef = CE4F609015F8B85300271035 /* JFFAsyncTwitterRequest.m */; };
		CE4F609415F8B87B00271035 /* JFFAsyncTwitterAccessRequest.m in Sources */ = {isa = PBXBuildFile; fileRef = CE4F609315F8B87B00271035 /* JFFAsyncTwitterAccessRequest.m */; };
		CE4F609815F8BA5700271035 /* JFFSocialError.m in Sources */ = {isa = PBXBuildFile; fileRef = CE4F609715F8BA5700271035 /* JFFSocialError.m */; };
		CE4F620115F8F0D000271035 /* JFFTwitterAccountAccessNotGrantedError.m in Sources */ = {isa = PBXBuildFile; fileRef = CE4F620015F8F0D000271035 /* JFFTwitterAccountAccessNotGrantedError.m */; };
		CE4F621015F8F57100271035 /* JFFAsyncTwitterCreateAccount.m in Sources */ = {isa = PBXBuildFile; fileRef = CE4F620F15F8F57000271035 /* JFFAsyncTwitterCreateAccount.m */; };
		CE4F621315F8F76100271035 /* JFFTwitterAccountCanceledCreationError.m in Sources */ = {isa = PBXBuildFile; fileRef = CE4F621215F8F76100271035 /* JFFTwitterAccountCanceledCreationError.m */; };
		CE4F623E15F9D34800271035 /* JFFNoTwitterAccountsError.m in Sources */ = {isa = PBXBuildFile; fileRef = CE4F623D15F9D34800271035 /* JFFNoTwitterAccountsError.m */; };
		CE5A033E15F9FE74005CC01A /* JFFTweet.m in Sources */ = {isa = PBXBuildFile; fileRef = CE5A033D15F9FE74005CC01A /* JFFTweet.m */; };
		CE5A034115F9FE86005CC01A /* JFFTwitterAccount.m in Sources */ = {isa = PBXBuildFile; fileRef = CE5A034015F9FE86005CC01A /* JFFTwitterAccount.m */; };
		CE5A034415F9FFEF005CC01A /* NSArray+TweetsJSONParser.m in Sources */ = {isa = PBXBuildFile; fileRef = CE5A034315F9FFEF005CC01A /* NSArray+TweetsJSONParser.m */; };
		CE5A034715FA0187005CC01A /* JFFTwitterAccount+TwitterJSONApiParser.m in Sources */ = {isa = PBXBuildFile; fileRef = CE5A034615FA0187005CC01A /* JFFTwitterAccount+TwitterJSONApiParser.m */; };
		CE5A034B15FA043B005CC01A /* JFFTweet+TwitterJSONApiParser.m in Sources */ = {isa = PBXBuildFile; fileRef = CE5A034A15FA043B005CC01A /* JFFTweet+TwitterJSONApiParser.m */; };
		CE85431015FA29F600750066 /* AsyncAnalyzers.m in Sources */ = {isa = PBXBuildFile; fileRef = CE85430F15FA29F500750066 /* AsyncAnalyzers.m */; };
		CE85432115FA37C600750066 /* JFFDirectTweetMessage.m in Sources */ = {isa = PBXBuildFile; fileRef = CE85432015FA37C600750066 /* JFFDirectTweetMessage.m */; };
		CEAAC3C4160B41F90058F88A /* JFFSocialMediaItem.m in Sources */ = {isa = PBXBuildFile; fileRef = CEAAC3C3160B41F90058F88A /* JFFSocialMediaItem.m */; };
		CEB2350615FF6840005E5CF5 /* JFFSocialInstagram.m in Sources */ = {isa = PBXBuildFile; fileRef = CEB2350515FF6840005E5CF5 /* JFFSocialInstagram.m */; };
		CEB2367715FF7638005E5CF5 /* JFFInvalidInstagramResponseURLError.m in Sources */ = {isa = PBXBuildFile; fileRef = CEB2367615FF7638005E5CF5 /* JFFInvalidInstagramResponseURLError.m */; };
		CEB2367F15FF7E80005E5CF5 /* JFFInstagramAuthedAccount.m in Sources */ = {isa = PBXBuildFile; fileRef = CEB2367E15FF7E80005E5CF5 /* JFFInstagramAuthedAccount.m */; };
		CEB2368215FF8010005E5CF5 /* JFFInstagramResponseError.m in Sources */ = {isa = PBXBuildFile; fileRef = CEB2368115FF8010005E5CF5 /* JFFInstagramResponseError.m */; };
		CEB2368515FF877C005E5CF5 /* JFFInstagramAccount.m in Sources */ = {isa = PBXBuildFile; fileRef = CEB2368415FF877C005E5CF5 /* JFFInstagramAccount.m */; };
		CEB236D416006AF6005E5CF5 /* JFFSocialInstagramApi.m in Sources */ = {isa = PBXBuildFile; fileRef = CEB236D316006AF6005E5CF5 /* JFFSocialInstagramApi.m */; };
		CEB236D816006F05005E5CF5 /* JFFInstagramJSONDataAnalyzers.m in Sources */ = {isa = PBXBuildFile; fileRef = CEB236D716006F05005E5CF5 /* JFFInstagramJSONDataAnalyzers.m */; };
		CEB23770160098B0005E5CF5 /* JFFInstagramMediaItem.m in Sources */ = {isa = PBXBuildFile; fileRef = CEB2376F160098B0005E5CF5 /* JFFInstagramMediaItem.m */; };
		CEB237851600AE6C005E5CF5 /* JFFInstagramComment.m in Sources */ = {isa = PBXBuildFile; fileRef = CEB237841600AE6B005E5CF5 /* JFFInstagramComment.m */; };
		CEB237F21600C8E8005E5CF5 /* JFFInstagramCredentials.m in Sources */ = {isa = PBXBuildFile; fileRef = CEB237F11600C8E8005E5CF5 /* JFFInstagramCredentials.m */; };
		CEC806BE160B576B005DC722 /* JFFInstagramMediaItemImage.m in Sources */ = {isa = PBXBuildFile; fileRef = CEC806A9160B4F2F005DC722 /* JFFInstagramMediaItemImage.m */; };
		CECF90AC15FA3C52009E707A /* JFFDirectTweetMessage+TwitterJSONApiParser.m in Sources */ = {isa = PBXBuildFile; fileRef = CECF90AB15FA3C52009E707A /* JFFDirectTweetMessage+TwitterJSONApiParser.m */; };
/* End PBXBuildFile section */

/* Begin PBXContainerItemProxy section */
		CE4F602A15F8B56300271035 /* PBXContainerItemProxy */ = {
			isa = PBXContainerItemProxy;
			containerPortal = CE4F602415F8B56300271035 /* JFFAsyncOperations.xcodeproj */;
			proxyType = 2;
			remoteGlobalIDString = D2AAC07E0554694100DB518D;
			remoteInfo = JFFAsyncOperations;
		};
		CE4F602C15F8B56300271035 /* PBXContainerItemProxy */ = {
			isa = PBXContainerItemProxy;
			containerPortal = CE4F602415F8B56300271035 /* JFFAsyncOperations.xcodeproj */;
			proxyType = 2;
			remoteGlobalIDString = 5391037B14A88BB5007315A3;
			remoteInfo = "JFFAsyncOperations-clang";
		};
		CE4F602E15F8B56300271035 /* PBXContainerItemProxy */ = {
			isa = PBXContainerItemProxy;
			containerPortal = CE4F602415F8B56300271035 /* JFFAsyncOperations.xcodeproj */;
			proxyType = 2;
			remoteGlobalIDString = 7E8F20C914F94BDF00588C7D;
			remoteInfo = JFFAsyncOperationsFW;
		};
		CE4F603415F8B56300271035 /* PBXContainerItemProxy */ = {
			isa = PBXContainerItemProxy;
			containerPortal = CE4F602115F8B56300271035 /* JFFScheduler.xcodeproj */;
			proxyType = 2;
			remoteGlobalIDString = D2AAC07E0554694100DB518D;
			remoteInfo = JFFScheduler;
		};
		CE4F603615F8B56300271035 /* PBXContainerItemProxy */ = {
			isa = PBXContainerItemProxy;
			containerPortal = CE4F602115F8B56300271035 /* JFFScheduler.xcodeproj */;
			proxyType = 2;
			remoteGlobalIDString = 65802B07148BFB850040A93A;
			remoteInfo = JFFSchedulerMacOS;
		};
		CE4F603815F8B56300271035 /* PBXContainerItemProxy */ = {
			isa = PBXContainerItemProxy;
			containerPortal = CE4F602115F8B56300271035 /* JFFScheduler.xcodeproj */;
			proxyType = 2;
			remoteGlobalIDString = 539103C614A88BD6007315A3;
			remoteInfo = "JFFScheduler-clang";
		};
		CE4F603A15F8B56300271035 /* PBXContainerItemProxy */ = {
			isa = PBXContainerItemProxy;
			containerPortal = CE4F602115F8B56300271035 /* JFFScheduler.xcodeproj */;
			proxyType = 2;
			remoteGlobalIDString = 7E8F202A14F9484F00588C7D;
			remoteInfo = JFFSchedulerFW;
		};
		CE4F604015F8B56300271035 /* PBXContainerItemProxy */ = {
			isa = PBXContainerItemProxy;
			containerPortal = CE4F601E15F8B56300271035 /* JFFUtils.xcodeproj */;
			proxyType = 2;
			remoteGlobalIDString = D2AAC07E0554694100DB518D;
			remoteInfo = JFFUtils;
		};
		CE4F604215F8B56300271035 /* PBXContainerItemProxy */ = {
			isa = PBXContainerItemProxy;
			containerPortal = CE4F601E15F8B56300271035 /* JFFUtils.xcodeproj */;
			proxyType = 2;
			remoteGlobalIDString = 65802A5B148BF2930040A93A;
			remoteInfo = JFFUtilsMacOS;
		};
		CE4F604415F8B56300271035 /* PBXContainerItemProxy */ = {
			isa = PBXContainerItemProxy;
			containerPortal = CE4F601E15F8B56300271035 /* JFFUtils.xcodeproj */;
			proxyType = 2;
			remoteGlobalIDString = 5391044314A88C04007315A3;
			remoteInfo = "JFFUtils-clang";
		};
		CE4F604615F8B56300271035 /* PBXContainerItemProxy */ = {
			isa = PBXContainerItemProxy;
			containerPortal = CE4F601E15F8B56300271035 /* JFFUtils.xcodeproj */;
			proxyType = 2;
			remoteGlobalIDString = 7E57F42414F93738002D139B;
			remoteInfo = JFFUtilsFW;
		};
		CE5A018015F9EEC4005CC01A /* PBXContainerItemProxy */ = {
			isa = PBXContainerItemProxy;
			containerPortal = CE5A017515F9EEC4005CC01A /* JFFNetwork.xcodeproj */;
			proxyType = 2;
			remoteGlobalIDString = 8D5AE6DB13F3E6C600EB6143;
			remoteInfo = JFFNetwork;
		};
		CE5A018215F9EEC4005CC01A /* PBXContainerItemProxy */ = {
			isa = PBXContainerItemProxy;
			containerPortal = CE5A017515F9EEC4005CC01A /* JFFNetwork.xcodeproj */;
			proxyType = 2;
			remoteGlobalIDString = 65802B22148BFC230040A93A;
			remoteInfo = JFFNetworkMacOS;
		};
		CE5A018415F9EEC4005CC01A /* PBXContainerItemProxy */ = {
			isa = PBXContainerItemProxy;
			containerPortal = CE5A017515F9EEC4005CC01A /* JFFNetwork.xcodeproj */;
			proxyType = 2;
			remoteGlobalIDString = 539103B714A88BCA007315A3;
			remoteInfo = "JFFNetwork-clang";
		};
		CE5A018615F9EEC4005CC01A /* PBXContainerItemProxy */ = {
			isa = PBXContainerItemProxy;
			containerPortal = CE5A017515F9EEC4005CC01A /* JFFNetwork.xcodeproj */;
			proxyType = 2;
			remoteGlobalIDString = 7E8F204314F9494300588C7D;
			remoteInfo = JFFNetworkFW;
		};
		CEAAC3D7160B41F90058F88A /* PBXContainerItemProxy */ = {
			isa = PBXContainerItemProxy;
			containerPortal = CE4F601E15F8B56300271035 /* JFFUtils.xcodeproj */;
			proxyType = 2;
			remoteGlobalIDString = CE444A1C1608609100DD85B0;
			remoteInfo = JFFUtilsTest;
		};
		CEB2366B15FF6E3A005E5CF5 /* PBXContainerItemProxy */ = {
			isa = PBXContainerItemProxy;
			containerPortal = CEB2365B15FF6E39005E5CF5 /* JFFUI.xcodeproj */;
			proxyType = 2;
			remoteGlobalIDString = D2AAC07E0554694100DB518D;
			remoteInfo = JFFUI;
		};
		CEB2366D15FF6E3A005E5CF5 /* PBXContainerItemProxy */ = {
			isa = PBXContainerItemProxy;
			containerPortal = CEB2365B15FF6E39005E5CF5 /* JFFUI.xcodeproj */;
			proxyType = 2;
			remoteGlobalIDString = 539103F014A88BE1007315A3;
			remoteInfo = "JFFUI-clang";
		};
/* End PBXContainerItemProxy section */

/* Begin PBXCopyFilesBuildPhase section */
		CE4F600615F8B2BB00271035 /* CopyFiles */ = {
			isa = PBXCopyFilesBuildPhase;
			buildActionMask = 2147483647;
			dstPath = "include/${PRODUCT_NAME}";
			dstSubfolderSpec = 16;
			files = (
				CE4F601115F8B2BB00271035 /* JFFSocial.h in CopyFiles */,
			);
			runOnlyForDeploymentPostprocessing = 0;
		};
/* End PBXCopyFilesBuildPhase section */

/* Begin PBXFileReference section */
		37063AA115FA3E9200B4B059 /* JFFSocialFoursquare.h */ = {isa = PBXFileReference; fileEncoding = 4; lastKnownFileType = sourcecode.c.h; path = JFFSocialFoursquare.h; sourceTree = "<group>"; };
		37063AA215FA3E9200B4B059 /* JFFSocialFoursquare.m */ = {isa = PBXFileReference; fileEncoding = 4; lastKnownFileType = sourcecode.c.objc; path = JFFSocialFoursquare.m; sourceTree = "<group>"; };
		37063AA515FA4BB900B4B059 /* JFFFoursquareSessionStorage.h */ = {isa = PBXFileReference; fileEncoding = 4; lastKnownFileType = sourcecode.c.h; path = JFFFoursquareSessionStorage.h; sourceTree = "<group>"; };
		37063AA615FA4BB900B4B059 /* JFFFoursquareSessionStorage.m */ = {isa = PBXFileReference; fileEncoding = 4; lastKnownFileType = sourcecode.c.objc; path = JFFFoursquareSessionStorage.m; sourceTree = "<group>"; };
		37063EE915FE1B9A00B4B059 /* JFFAsyncFoursquaerLogin.h */ = {isa = PBXFileReference; fileEncoding = 4; lastKnownFileType = sourcecode.c.h; path = JFFAsyncFoursquaerLogin.h; sourceTree = "<group>"; };
		37063EEA15FE1B9A00B4B059 /* JFFAsyncFoursquaerLogin.m */ = {isa = PBXFileReference; fileEncoding = 4; lastKnownFileType = sourcecode.c.objc; path = JFFAsyncFoursquaerLogin.m; sourceTree = "<group>"; };
		371D85D815FF31BD001C1C2C /* JFFFoursquareAuthURLError.h */ = {isa = PBXFileReference; fileEncoding = 4; lastKnownFileType = sourcecode.c.h; path = JFFFoursquareAuthURLError.h; sourceTree = "<group>"; };
		371D85D915FF31BD001C1C2C /* JFFFoursquareAuthURLError.m */ = {isa = PBXFileReference; fileEncoding = 4; lastKnownFileType = sourcecode.c.objc; path = JFFFoursquareAuthURLError.m; sourceTree = "<group>"; };
		371D875215FF6090001C1C2C /* JFFAsyncFoursquareRequest.h */ = {isa = PBXFileReference; fileEncoding = 4; lastKnownFileType = sourcecode.c.h; path = JFFAsyncFoursquareRequest.h; sourceTree = "<group>"; };
		371D875315FF6090001C1C2C /* JFFAsyncFoursquareRequest.m */ = {isa = PBXFileReference; fileEncoding = 4; lastKnownFileType = sourcecode.c.objc; path = JFFAsyncFoursquareRequest.m; sourceTree = "<group>"; };
		371D889F15FF7A94001C1C2C /* JFFFoursquareAuthInvalidAccessTokenError.h */ = {isa = PBXFileReference; fileEncoding = 4; lastKnownFileType = sourcecode.c.h; path = JFFFoursquareAuthInvalidAccessTokenError.h; sourceTree = "<group>"; };
		371D88A015FF7A94001C1C2C /* JFFFoursquareAuthInvalidAccessTokenError.m */ = {isa = PBXFileReference; fileEncoding = 4; lastKnownFileType = sourcecode.c.objc; path = JFFFoursquareAuthInvalidAccessTokenError.m; sourceTree = "<group>"; };
		371D88B215FF7C7C001C1C2C /* JFFFoursquareCachedAccessTokenError.h */ = {isa = PBXFileReference; fileEncoding = 4; lastKnownFileType = sourcecode.c.h; path = JFFFoursquareCachedAccessTokenError.h; sourceTree = "<group>"; };
		371D88B315FF7C7C001C1C2C /* JFFFoursquareCachedAccessTokenError.m */ = {isa = PBXFileReference; fileEncoding = 4; lastKnownFileType = sourcecode.c.objc; path = JFFFoursquareCachedAccessTokenError.m; sourceTree = "<group>"; };
		37497AE01600693800AF0C29 /* FoursquareUserModel.h */ = {isa = PBXFileReference; fileEncoding = 4; lastKnownFileType = sourcecode.c.h; path = FoursquareUserModel.h; sourceTree = "<group>"; };
		37497AE11600693800AF0C29 /* FoursquareUserModel.m */ = {isa = PBXFileReference; fileEncoding = 4; lastKnownFileType = sourcecode.c.objc; path = FoursquareUserModel.m; sourceTree = "<group>"; };
		37497B831600910400AF0C29 /* FoursquareUserModel+APIParser.h */ = {isa = PBXFileReference; fileEncoding = 4; lastKnownFileType = sourcecode.c.h; path = "FoursquareUserModel+APIParser.h"; sourceTree = "<group>"; };
		37497B841600910400AF0C29 /* FoursquareUserModel+APIParser.m */ = {isa = PBXFileReference; fileEncoding = 4; lastKnownFileType = sourcecode.c.objc; path = "FoursquareUserModel+APIParser.m"; sourceTree = "<group>"; };
		37497C741600A15600AF0C29 /* NSArray+FqFriendsAPIParser.h */ = {isa = PBXFileReference; fileEncoding = 4; lastKnownFileType = sourcecode.c.h; path = "NSArray+FqFriendsAPIParser.h"; sourceTree = "<group>"; };
		37497C751600A15600AF0C29 /* NSArray+FqFriendsAPIParser.m */ = {isa = PBXFileReference; fileEncoding = 4; lastKnownFileType = sourcecode.c.objc; path = "NSArray+FqFriendsAPIParser.m"; sourceTree = "<group>"; };
		37497CC41600A84E00AF0C29 /* JFFFoursquaerAPIInvalidResponseError.h */ = {isa = PBXFileReference; fileEncoding = 4; lastKnownFileType = sourcecode.c.h; path = JFFFoursquaerAPIInvalidResponseError.h; sourceTree = "<group>"; };
		37497CC51600A84E00AF0C29 /* JFFFoursquaerAPIInvalidResponseError.m */ = {isa = PBXFileReference; fileEncoding = 4; lastKnownFileType = sourcecode.c.objc; path = JFFFoursquaerAPIInvalidResponseError.m; sourceTree = "<group>"; };
		37497D9D1601D67C00AF0C29 /* FoursquareCheckinsModel.h */ = {isa = PBXFileReference; fileEncoding = 4; lastKnownFileType = sourcecode.c.h; path = FoursquareCheckinsModel.h; sourceTree = "<group>"; };
		37497D9E1601D67C00AF0C29 /* FoursquareCheckinsModel.m */ = {isa = PBXFileReference; fileEncoding = 4; lastKnownFileType = sourcecode.c.objc; path = FoursquareCheckinsModel.m; sourceTree = "<group>"; };
		37497DB01601D9CF00AF0C29 /* FoursquareCheckinsModel+APIParser.h */ = {isa = PBXFileReference; fileEncoding = 4; lastKnownFileType = sourcecode.c.h; path = "FoursquareCheckinsModel+APIParser.h"; sourceTree = "<group>"; };
		37497DB11601D9CF00AF0C29 /* FoursquareCheckinsModel+APIParser.m */ = {isa = PBXFileReference; fileEncoding = 4; lastKnownFileType = sourcecode.c.objc; path = "FoursquareCheckinsModel+APIParser.m"; sourceTree = "<group>"; };
		37497DB31601DC3700AF0C29 /* NSArray+FqCheckinsAPIParser.h */ = {isa = PBXFileReference; fileEncoding = 4; lastKnownFileType = sourcecode.c.h; path = "NSArray+FqCheckinsAPIParser.h"; sourceTree = "<group>"; };
		37497DB41601DC3800AF0C29 /* NSArray+FqCheckinsAPIParser.m */ = {isa = PBXFileReference; fileEncoding = 4; lastKnownFileType = sourcecode.c.objc; path = "NSArray+FqCheckinsAPIParser.m"; sourceTree = "<group>"; };
		37497DB61601DD2400AF0C29 /* NSDictionary+FqAPIResponseParser.h */ = {isa = PBXFileReference; fileEncoding = 4; lastKnownFileType = sourcecode.c.h; path = "NSDictionary+FqAPIResponseParser.h"; sourceTree = "<group>"; };
		37497DB71601DD2500AF0C29 /* NSDictionary+FqAPIResponseParser.m */ = {isa = PBXFileReference; fileEncoding = 4; lastKnownFileType = sourcecode.c.objc; path = "NSDictionary+FqAPIResponseParser.m"; sourceTree = "<group>"; };
		4C3F01DC16DD0C9D00558DE6 /* JFFFacebookLoginFailedAccessForbidden.h */ = {isa = PBXFileReference; fileEncoding = 4; lastKnownFileType = sourcecode.c.h; path = JFFFacebookLoginFailedAccessForbidden.h; sourceTree = "<group>"; };
		4C3F01DD16DD0C9E00558DE6 /* JFFFacebookLoginFailedAccessForbidden.m */ = {isa = PBXFileReference; fileEncoding = 4; lastKnownFileType = sourcecode.c.objc; path = JFFFacebookLoginFailedAccessForbidden.m; sourceTree = "<group>"; };
		4C70273416D683A00078A2F2 /* JFFSocialFacebookUser.h */ = {isa = PBXFileReference; fileEncoding = 4; lastKnownFileType = sourcecode.c.h; path = JFFSocialFacebookUser.h; sourceTree = "<group>"; };
		4C70273516D683A00078A2F2 /* JFFSocialFacebookUser.m */ = {isa = PBXFileReference; fileEncoding = 4; lastKnownFileType = sourcecode.c.objc; path = JFFSocialFacebookUser.m; sourceTree = "<group>"; };
		4C70273716D684290078A2F2 /* JFFSocialFacebookUser+Parser.h */ = {isa = PBXFileReference; fileEncoding = 4; lastKnownFileType = sourcecode.c.h; path = "JFFSocialFacebookUser+Parser.h"; sourceTree = "<group>"; };
		4C70273816D684290078A2F2 /* JFFSocialFacebookUser+Parser.m */ = {isa = PBXFileReference; fileEncoding = 4; lastKnownFileType = sourcecode.c.objc; path = "JFFSocialFacebookUser+Parser.m"; sourceTree = "<group>"; };
		4C70273A16D6870A0078A2F2 /* JFFAsyncFacebook.h */ = {isa = PBXFileReference; fileEncoding = 4; lastKnownFileType = sourcecode.c.h; path = JFFAsyncFacebook.h; sourceTree = "<group>"; };
		4C70273B16D6870A0078A2F2 /* JFFAsyncFacebook.m */ = {isa = PBXFileReference; fileEncoding = 4; lastKnownFileType = sourcecode.c.objc; path = JFFAsyncFacebook.m; sourceTree = "<group>"; };
		4C75C73516D3EAD7003B0C43 /* JFFFacebookError.h */ = {isa = PBXFileReference; fileEncoding = 4; lastKnownFileType = sourcecode.c.h; path = JFFFacebookError.h; sourceTree = "<group>"; };
		4C75C73616D3EAD7003B0C43 /* JFFFacebookError.m */ = {isa = PBXFileReference; fileEncoding = 4; lastKnownFileType = sourcecode.c.objc; path = JFFFacebookError.m; sourceTree = "<group>"; };
		4C75C73816D3EB12003B0C43 /* JFFFacebookAuthorizeError.h */ = {isa = PBXFileReference; fileEncoding = 4; lastKnownFileType = sourcecode.c.h; path = JFFFacebookAuthorizeError.h; sourceTree = "<group>"; };
		4C75C73916D3EB12003B0C43 /* JFFFacebookAuthorizeError.m */ = {isa = PBXFileReference; fileEncoding = 4; lastKnownFileType = sourcecode.c.objc; path = JFFFacebookAuthorizeError.m; sourceTree = "<group>"; };
		4C75C73B16D3EB30003B0C43 /* JFFFacebookRequestPublishingAccessError.h */ = {isa = PBXFileReference; fileEncoding = 4; lastKnownFileType = sourcecode.c.h; path = JFFFacebookRequestPublishingAccessError.h; sourceTree = "<group>"; };
		4C75C73C16D3EB31003B0C43 /* JFFFacebookRequestPublishingAccessError.m */ = {isa = PBXFileReference; fileEncoding = 4; lastKnownFileType = sourcecode.c.objc; path = JFFFacebookRequestPublishingAccessError.m; sourceTree = "<group>"; };
		4C75C73F16D3EBD0003B0C43 /* JFFAsyncFacebookLogin.h */ = {isa = PBXFileReference; fileEncoding = 4; lastKnownFileType = sourcecode.c.h; path = JFFAsyncFacebookLogin.h; sourceTree = "<group>"; };
		4C75C74016D3EBD0003B0C43 /* JFFAsyncFacebookLogin.m */ = {isa = PBXFileReference; fileEncoding = 4; lastKnownFileType = sourcecode.c.objc; path = JFFAsyncFacebookLogin.m; sourceTree = "<group>"; };
		4C75C74216D3EC96003B0C43 /* JFFFacebookPublishAccessRequestAdapter.h */ = {isa = PBXFileReference; fileEncoding = 4; lastKnownFileType = sourcecode.c.h; path = JFFFacebookPublishAccessRequestAdapter.h; sourceTree = "<group>"; };
		4C75C74316D3EC96003B0C43 /* JFFFacebookPublishAccessRequestAdapter.m */ = {isa = PBXFileReference; fileEncoding = 4; lastKnownFileType = sourcecode.c.objc; path = JFFFacebookPublishAccessRequestAdapter.m; sourceTree = "<group>"; };
		4C75C74516D3ED3D003B0C43 /* FacebookSDK.framework */ = {isa = PBXFileReference; lastKnownFileType = wrapper.framework; name = FacebookSDK.framework; path = ../../frameworks/FacebookSDK.framework; sourceTree = "<group>"; };
		4C75C74716D3EEB4003B0C43 /* JFFAsyncFacebookLogout.h */ = {isa = PBXFileReference; fileEncoding = 4; lastKnownFileType = sourcecode.c.h; path = JFFAsyncFacebookLogout.h; sourceTree = "<group>"; };
		4C75C74816D3EEB4003B0C43 /* JFFAsyncFacebookLogout.m */ = {isa = PBXFileReference; fileEncoding = 4; lastKnownFileType = sourcecode.c.objc; path = JFFAsyncFacebookLogout.m; sourceTree = "<group>"; };
		4C75C74A16D3F10E003B0C43 /* JFFSocialFacebook.h */ = {isa = PBXFileReference; fileEncoding = 4; lastKnownFileType = sourcecode.c.h; path = JFFSocialFacebook.h; sourceTree = "<group>"; };
		4C75C74B16D3F10E003B0C43 /* JFFSocialFacebook.m */ = {isa = PBXFileReference; fileEncoding = 4; lastKnownFileType = sourcecode.c.objc; path = JFFSocialFacebook.m; sourceTree = "<group>"; };
		4CB52D5E16DF93C9001E64F0 /* JFFAsyncFacebookDialog.h */ = {isa = PBXFileReference; fileEncoding = 4; lastKnownFileType = sourcecode.c.h; path = JFFAsyncFacebookDialog.h; sourceTree = "<group>"; };
		4CB52D5F16DF93C9001E64F0 /* JFFAsyncFacebookDialog.m */ = {isa = PBXFileReference; fileEncoding = 4; lastKnownFileType = sourcecode.c.objc; path = JFFAsyncFacebookDialog.m; sourceTree = "<group>"; };
		4CDFCF7816DD15BF00E978E0 /* JFFFacebookLoginFailedPasswordWasChanged.h */ = {isa = PBXFileReference; fileEncoding = 4; lastKnownFileType = sourcecode.c.h; path = JFFFacebookLoginFailedPasswordWasChanged.h; sourceTree = "<group>"; };
		4CDFCF7916DD15BF00E978E0 /* JFFFacebookLoginFailedPasswordWasChanged.m */ = {isa = PBXFileReference; fileEncoding = 4; lastKnownFileType = sourcecode.c.objc; path = JFFFacebookLoginFailedPasswordWasChanged.m; sourceTree = "<group>"; };
		4CFC62B616D61E3800D084F7 /* JFFFacebookSDKErrors.h */ = {isa = PBXFileReference; fileEncoding = 4; lastKnownFileType = sourcecode.c.h; path = JFFFacebookSDKErrors.h; sourceTree = "<group>"; };
		4CFC62B716D61E3800D084F7 /* JFFFacebookSDKErrors.m */ = {isa = PBXFileReference; fileEncoding = 4; lastKnownFileType = sourcecode.c.objc; path = JFFFacebookSDKErrors.m; sourceTree = "<group>"; };
		4CFC62B916D61E7E00D084F7 /* JFFFacebookLoginFailedCanceledError.h */ = {isa = PBXFileReference; fileEncoding = 4; lastKnownFileType = sourcecode.c.h; path = JFFFacebookLoginFailedCanceledError.h; sourceTree = "<group>"; };
		4CFC62BA16D61E7E00D084F7 /* JFFFacebookLoginFailedCanceledError.m */ = {isa = PBXFileReference; fileEncoding = 4; lastKnownFileType = sourcecode.c.objc; path = JFFFacebookLoginFailedCanceledError.m; sourceTree = "<group>"; };
		502AFF7616029E09009BCEEF /* JFFFoursquareNotFoundUsersCheckinsError.h */ = {isa = PBXFileReference; fileEncoding = 4; lastKnownFileType = sourcecode.c.h; path = JFFFoursquareNotFoundUsersCheckinsError.h; sourceTree = "<group>"; };
		502AFF7716029E09009BCEEF /* JFFFoursquareNotFoundUsersCheckinsError.m */ = {isa = PBXFileReference; fileEncoding = 4; lastKnownFileType = sourcecode.c.objc; path = JFFFoursquareNotFoundUsersCheckinsError.m; sourceTree = "<group>"; };
		CE41F6BB15FA12E700A742EE /* libstdc++.6.dylib */ = {isa = PBXFileReference; lastKnownFileType = "compiled.mach-o.dylib"; name = "libstdc++.6.dylib"; path = "usr/lib/libstdc++.6.dylib"; sourceTree = SDKROOT; };
		CE41F75E15FA15A000A742EE /* JFFSocialTest.octest */ = {isa = PBXFileReference; explicitFileType = wrapper.cfbundle; includeInIndex = 0; path = JFFSocialTest.octest; sourceTree = BUILT_PRODUCTS_DIR; };
		CE4F600815F8B2BB00271035 /* libJFFSocial.a */ = {isa = PBXFileReference; explicitFileType = archive.ar; includeInIndex = 0; path = libJFFSocial.a; sourceTree = BUILT_PRODUCTS_DIR; };
		CE4F600B15F8B2BB00271035 /* Foundation.framework */ = {isa = PBXFileReference; lastKnownFileType = wrapper.framework; name = Foundation.framework; path = System/Library/Frameworks/Foundation.framework; sourceTree = SDKROOT; };
		CE4F600F15F8B2BB00271035 /* JFFSocial-Prefix.pch */ = {isa = PBXFileReference; lastKnownFileType = sourcecode.c.h; path = "JFFSocial-Prefix.pch"; sourceTree = "<group>"; };
		CE4F601015F8B2BB00271035 /* JFFSocial.h */ = {isa = PBXFileReference; lastKnownFileType = sourcecode.c.h; path = JFFSocial.h; sourceTree = "<group>"; };
		CE4F601A15F8B30C00271035 /* JFFSocialTwitter.h */ = {isa = PBXFileReference; fileEncoding = 4; lastKnownFileType = sourcecode.c.h; path = JFFSocialTwitter.h; sourceTree = "<group>"; };
		CE4F601B15F8B30C00271035 /* JFFSocialTwitter.m */ = {isa = PBXFileReference; fileEncoding = 4; lastKnownFileType = sourcecode.c.objc; path = JFFSocialTwitter.m; sourceTree = "<group>"; };
		CE4F601E15F8B56300271035 /* JFFUtils.xcodeproj */ = {isa = PBXFileReference; lastKnownFileType = "wrapper.pb-project"; name = JFFUtils.xcodeproj; path = ../JFFUtils/JFFUtils.xcodeproj; sourceTree = "<group>"; };
		CE4F602115F8B56300271035 /* JFFScheduler.xcodeproj */ = {isa = PBXFileReference; lastKnownFileType = "wrapper.pb-project"; name = JFFScheduler.xcodeproj; path = ../JFFScheduler/JFFScheduler.xcodeproj; sourceTree = "<group>"; };
		CE4F602415F8B56300271035 /* JFFAsyncOperations.xcodeproj */ = {isa = PBXFileReference; lastKnownFileType = "wrapper.pb-project"; name = JFFAsyncOperations.xcodeproj; path = ../JFFAsyncOperations/JFFAsyncOperations.xcodeproj; sourceTree = "<group>"; };
		CE4F606C15F8B63F00271035 /* JFFSocialAccount.h */ = {isa = PBXFileReference; fileEncoding = 4; lastKnownFileType = sourcecode.c.h; path = JFFSocialAccount.h; sourceTree = "<group>"; };
		CE4F606D15F8B63F00271035 /* JFFSocialAccount.m */ = {isa = PBXFileReference; fileEncoding = 4; lastKnownFileType = sourcecode.c.objc; path = JFFSocialAccount.m; sourceTree = "<group>"; };
		CE4F608F15F8B85300271035 /* JFFAsyncTwitterRequest.h */ = {isa = PBXFileReference; fileEncoding = 4; lastKnownFileType = sourcecode.c.h; path = JFFAsyncTwitterRequest.h; sourceTree = "<group>"; };
		CE4F609015F8B85300271035 /* JFFAsyncTwitterRequest.m */ = {isa = PBXFileReference; fileEncoding = 4; lastKnownFileType = sourcecode.c.objc; path = JFFAsyncTwitterRequest.m; sourceTree = "<group>"; };
		CE4F609215F8B87B00271035 /* JFFAsyncTwitterAccessRequest.h */ = {isa = PBXFileReference; fileEncoding = 4; lastKnownFileType = sourcecode.c.h; path = JFFAsyncTwitterAccessRequest.h; sourceTree = "<group>"; };
		CE4F609315F8B87B00271035 /* JFFAsyncTwitterAccessRequest.m */ = {isa = PBXFileReference; fileEncoding = 4; lastKnownFileType = sourcecode.c.objc; path = JFFAsyncTwitterAccessRequest.m; sourceTree = "<group>"; };
		CE4F609615F8BA5700271035 /* JFFSocialError.h */ = {isa = PBXFileReference; fileEncoding = 4; lastKnownFileType = sourcecode.c.h; path = JFFSocialError.h; sourceTree = "<group>"; };
		CE4F609715F8BA5700271035 /* JFFSocialError.m */ = {isa = PBXFileReference; fileEncoding = 4; lastKnownFileType = sourcecode.c.objc; path = JFFSocialError.m; sourceTree = "<group>"; };
		CE4F61FF15F8F0D000271035 /* JFFTwitterAccountAccessNotGrantedError.h */ = {isa = PBXFileReference; fileEncoding = 4; lastKnownFileType = sourcecode.c.h; path = JFFTwitterAccountAccessNotGrantedError.h; sourceTree = "<group>"; };
		CE4F620015F8F0D000271035 /* JFFTwitterAccountAccessNotGrantedError.m */ = {isa = PBXFileReference; fileEncoding = 4; lastKnownFileType = sourcecode.c.objc; path = JFFTwitterAccountAccessNotGrantedError.m; sourceTree = "<group>"; };
		CE4F620E15F8F56F00271035 /* JFFAsyncTwitterCreateAccount.h */ = {isa = PBXFileReference; fileEncoding = 4; lastKnownFileType = sourcecode.c.h; path = JFFAsyncTwitterCreateAccount.h; sourceTree = "<group>"; };
		CE4F620F15F8F57000271035 /* JFFAsyncTwitterCreateAccount.m */ = {isa = PBXFileReference; fileEncoding = 4; lastKnownFileType = sourcecode.c.objc; path = JFFAsyncTwitterCreateAccount.m; sourceTree = "<group>"; };
		CE4F621115F8F76100271035 /* JFFTwitterAccountCanceledCreationError.h */ = {isa = PBXFileReference; fileEncoding = 4; lastKnownFileType = sourcecode.c.h; path = JFFTwitterAccountCanceledCreationError.h; sourceTree = "<group>"; };
		CE4F621215F8F76100271035 /* JFFTwitterAccountCanceledCreationError.m */ = {isa = PBXFileReference; fileEncoding = 4; lastKnownFileType = sourcecode.c.objc; path = JFFTwitterAccountCanceledCreationError.m; sourceTree = "<group>"; };
		CE4F623C15F9D34800271035 /* JFFNoTwitterAccountsError.h */ = {isa = PBXFileReference; fileEncoding = 4; lastKnownFileType = sourcecode.c.h; path = JFFNoTwitterAccountsError.h; sourceTree = "<group>"; };
		CE4F623D15F9D34800271035 /* JFFNoTwitterAccountsError.m */ = {isa = PBXFileReference; fileEncoding = 4; lastKnownFileType = sourcecode.c.objc; path = JFFNoTwitterAccountsError.m; sourceTree = "<group>"; };
		CE4F658D15F9ED4700271035 /* SenTestingKit.framework */ = {isa = PBXFileReference; lastKnownFileType = wrapper.framework; name = SenTestingKit.framework; path = Library/Frameworks/SenTestingKit.framework; sourceTree = DEVELOPER_DIR; };
		CE5A017515F9EEC4005CC01A /* JFFNetwork.xcodeproj */ = {isa = PBXFileReference; lastKnownFileType = "wrapper.pb-project"; name = JFFNetwork.xcodeproj; path = ../JFFNetwork/JFFNetwork.xcodeproj; sourceTree = "<group>"; };
		CE5A033C15F9FE74005CC01A /* JFFTweet.h */ = {isa = PBXFileReference; fileEncoding = 4; lastKnownFileType = sourcecode.c.h; path = JFFTweet.h; sourceTree = "<group>"; };
		CE5A033D15F9FE74005CC01A /* JFFTweet.m */ = {isa = PBXFileReference; fileEncoding = 4; lastKnownFileType = sourcecode.c.objc; path = JFFTweet.m; sourceTree = "<group>"; };
		CE5A033F15F9FE86005CC01A /* JFFTwitterAccount.h */ = {isa = PBXFileReference; fileEncoding = 4; lastKnownFileType = sourcecode.c.h; path = JFFTwitterAccount.h; sourceTree = "<group>"; };
		CE5A034015F9FE86005CC01A /* JFFTwitterAccount.m */ = {isa = PBXFileReference; fileEncoding = 4; lastKnownFileType = sourcecode.c.objc; path = JFFTwitterAccount.m; sourceTree = "<group>"; };
		CE5A034215F9FFEF005CC01A /* NSArray+TweetsJSONParser.h */ = {isa = PBXFileReference; fileEncoding = 4; lastKnownFileType = sourcecode.c.h; path = "NSArray+TweetsJSONParser.h"; sourceTree = "<group>"; };
		CE5A034315F9FFEF005CC01A /* NSArray+TweetsJSONParser.m */ = {isa = PBXFileReference; fileEncoding = 4; lastKnownFileType = sourcecode.c.objc; path = "NSArray+TweetsJSONParser.m"; sourceTree = "<group>"; };
		CE5A034515FA0187005CC01A /* JFFTwitterAccount+TwitterJSONApiParser.h */ = {isa = PBXFileReference; fileEncoding = 4; lastKnownFileType = sourcecode.c.h; path = "JFFTwitterAccount+TwitterJSONApiParser.h"; sourceTree = "<group>"; };
		CE5A034615FA0187005CC01A /* JFFTwitterAccount+TwitterJSONApiParser.m */ = {isa = PBXFileReference; fileEncoding = 4; lastKnownFileType = sourcecode.c.objc; path = "JFFTwitterAccount+TwitterJSONApiParser.m"; sourceTree = "<group>"; };
		CE5A034915FA043B005CC01A /* JFFTweet+TwitterJSONApiParser.h */ = {isa = PBXFileReference; fileEncoding = 4; lastKnownFileType = sourcecode.c.h; path = "JFFTweet+TwitterJSONApiParser.h"; sourceTree = "<group>"; };
		CE5A034A15FA043B005CC01A /* JFFTweet+TwitterJSONApiParser.m */ = {isa = PBXFileReference; fileEncoding = 4; lastKnownFileType = sourcecode.c.objc; path = "JFFTweet+TwitterJSONApiParser.m"; sourceTree = "<group>"; };
		CE85430E15FA29F500750066 /* AsyncAnalyzers.h */ = {isa = PBXFileReference; fileEncoding = 4; lastKnownFileType = sourcecode.c.h; path = AsyncAnalyzers.h; sourceTree = "<group>"; };
		CE85430F15FA29F500750066 /* AsyncAnalyzers.m */ = {isa = PBXFileReference; fileEncoding = 4; lastKnownFileType = sourcecode.c.objc; path = AsyncAnalyzers.m; sourceTree = "<group>"; };
		CE85431F15FA37C600750066 /* JFFDirectTweetMessage.h */ = {isa = PBXFileReference; fileEncoding = 4; lastKnownFileType = sourcecode.c.h; path = JFFDirectTweetMessage.h; sourceTree = "<group>"; };
		CE85432015FA37C600750066 /* JFFDirectTweetMessage.m */ = {isa = PBXFileReference; fileEncoding = 4; lastKnownFileType = sourcecode.c.objc; path = JFFDirectTweetMessage.m; sourceTree = "<group>"; };
		CEAAC3C2160B41F90058F88A /* JFFSocialMediaItem.h */ = {isa = PBXFileReference; fileEncoding = 4; lastKnownFileType = sourcecode.c.h; path = JFFSocialMediaItem.h; sourceTree = "<group>"; };
		CEAAC3C3160B41F90058F88A /* JFFSocialMediaItem.m */ = {isa = PBXFileReference; fileEncoding = 4; lastKnownFileType = sourcecode.c.objc; path = JFFSocialMediaItem.m; sourceTree = "<group>"; };
		CEB2350415FF6840005E5CF5 /* JFFSocialInstagram.h */ = {isa = PBXFileReference; fileEncoding = 4; lastKnownFileType = sourcecode.c.h; path = JFFSocialInstagram.h; sourceTree = "<group>"; };
		CEB2350515FF6840005E5CF5 /* JFFSocialInstagram.m */ = {isa = PBXFileReference; fileEncoding = 4; lastKnownFileType = sourcecode.c.objc; path = JFFSocialInstagram.m; sourceTree = "<group>"; };
		CEB2365B15FF6E39005E5CF5 /* JFFUI.xcodeproj */ = {isa = PBXFileReference; lastKnownFileType = "wrapper.pb-project"; name = JFFUI.xcodeproj; path = "/Users/user/Sources/paparam.ru/HumanCloud/lib-third-party/iAsync/test/JFFSocialTest/../../lib/JFFUI/JFFUI.xcodeproj"; sourceTree = "<absolute>"; };
		CEB2367515FF7638005E5CF5 /* JFFInvalidInstagramResponseURLError.h */ = {isa = PBXFileReference; fileEncoding = 4; lastKnownFileType = sourcecode.c.h; path = JFFInvalidInstagramResponseURLError.h; sourceTree = "<group>"; };
		CEB2367615FF7638005E5CF5 /* JFFInvalidInstagramResponseURLError.m */ = {isa = PBXFileReference; fileEncoding = 4; lastKnownFileType = sourcecode.c.objc; path = JFFInvalidInstagramResponseURLError.m; sourceTree = "<group>"; };
		CEB2367D15FF7E80005E5CF5 /* JFFInstagramAuthedAccount.h */ = {isa = PBXFileReference; fileEncoding = 4; lastKnownFileType = sourcecode.c.h; path = JFFInstagramAuthedAccount.h; sourceTree = "<group>"; };
		CEB2367E15FF7E80005E5CF5 /* JFFInstagramAuthedAccount.m */ = {isa = PBXFileReference; fileEncoding = 4; lastKnownFileType = sourcecode.c.objc; path = JFFInstagramAuthedAccount.m; sourceTree = "<group>"; };
		CEB2368015FF8010005E5CF5 /* JFFInstagramResponseError.h */ = {isa = PBXFileReference; fileEncoding = 4; lastKnownFileType = sourcecode.c.h; path = JFFInstagramResponseError.h; sourceTree = "<group>"; };
		CEB2368115FF8010005E5CF5 /* JFFInstagramResponseError.m */ = {isa = PBXFileReference; fileEncoding = 4; lastKnownFileType = sourcecode.c.objc; path = JFFInstagramResponseError.m; sourceTree = "<group>"; };
		CEB2368315FF877C005E5CF5 /* JFFInstagramAccount.h */ = {isa = PBXFileReference; fileEncoding = 4; lastKnownFileType = sourcecode.c.h; path = JFFInstagramAccount.h; sourceTree = "<group>"; };
		CEB2368415FF877C005E5CF5 /* JFFInstagramAccount.m */ = {isa = PBXFileReference; fileEncoding = 4; lastKnownFileType = sourcecode.c.objc; path = JFFInstagramAccount.m; sourceTree = "<group>"; };
		CEB236D216006AF6005E5CF5 /* JFFSocialInstagramApi.h */ = {isa = PBXFileReference; fileEncoding = 4; lastKnownFileType = sourcecode.c.h; path = JFFSocialInstagramApi.h; sourceTree = "<group>"; };
		CEB236D316006AF6005E5CF5 /* JFFSocialInstagramApi.m */ = {isa = PBXFileReference; fileEncoding = 4; lastKnownFileType = sourcecode.c.objc; path = JFFSocialInstagramApi.m; sourceTree = "<group>"; };
		CEB236D616006F05005E5CF5 /* JFFInstagramJSONDataAnalyzers.h */ = {isa = PBXFileReference; fileEncoding = 4; lastKnownFileType = sourcecode.c.h; path = JFFInstagramJSONDataAnalyzers.h; sourceTree = "<group>"; };
		CEB236D716006F05005E5CF5 /* JFFInstagramJSONDataAnalyzers.m */ = {isa = PBXFileReference; fileEncoding = 4; lastKnownFileType = sourcecode.c.objc; path = JFFInstagramJSONDataAnalyzers.m; sourceTree = "<group>"; };
		CEB2376E160098B0005E5CF5 /* JFFInstagramMediaItem.h */ = {isa = PBXFileReference; fileEncoding = 4; lastKnownFileType = sourcecode.c.h; path = JFFInstagramMediaItem.h; sourceTree = "<group>"; };
		CEB2376F160098B0005E5CF5 /* JFFInstagramMediaItem.m */ = {isa = PBXFileReference; fileEncoding = 4; lastKnownFileType = sourcecode.c.objc; path = JFFInstagramMediaItem.m; sourceTree = "<group>"; };
		CEB237831600AE6B005E5CF5 /* JFFInstagramComment.h */ = {isa = PBXFileReference; fileEncoding = 4; lastKnownFileType = sourcecode.c.h; path = JFFInstagramComment.h; sourceTree = "<group>"; };
		CEB237841600AE6B005E5CF5 /* JFFInstagramComment.m */ = {isa = PBXFileReference; fileEncoding = 4; lastKnownFileType = sourcecode.c.objc; path = JFFInstagramComment.m; sourceTree = "<group>"; };
		CEB237F01600C8E8005E5CF5 /* JFFInstagramCredentials.h */ = {isa = PBXFileReference; fileEncoding = 4; lastKnownFileType = sourcecode.c.h; path = JFFInstagramCredentials.h; sourceTree = "<group>"; };
		CEB237F11600C8E8005E5CF5 /* JFFInstagramCredentials.m */ = {isa = PBXFileReference; fileEncoding = 4; lastKnownFileType = sourcecode.c.objc; path = JFFInstagramCredentials.m; sourceTree = "<group>"; };
		CEC806A8160B4F2F005DC722 /* JFFInstagramMediaItemImage.h */ = {isa = PBXFileReference; fileEncoding = 4; lastKnownFileType = sourcecode.c.h; path = JFFInstagramMediaItemImage.h; sourceTree = "<group>"; };
		CEC806A9160B4F2F005DC722 /* JFFInstagramMediaItemImage.m */ = {isa = PBXFileReference; fileEncoding = 4; lastKnownFileType = sourcecode.c.objc; path = JFFInstagramMediaItemImage.m; sourceTree = "<group>"; };
		CECF90AA15FA3C52009E707A /* JFFDirectTweetMessage+TwitterJSONApiParser.h */ = {isa = PBXFileReference; fileEncoding = 4; lastKnownFileType = sourcecode.c.h; path = "JFFDirectTweetMessage+TwitterJSONApiParser.h"; sourceTree = "<group>"; };
		CECF90AB15FA3C52009E707A /* JFFDirectTweetMessage+TwitterJSONApiParser.m */ = {isa = PBXFileReference; fileEncoding = 4; lastKnownFileType = sourcecode.c.objc; path = "JFFDirectTweetMessage+TwitterJSONApiParser.m"; sourceTree = "<group>"; };
		CEE3A9B215FA0EC000F3DC99 /* CFNetwork.framework */ = {isa = PBXFileReference; lastKnownFileType = wrapper.framework; name = CFNetwork.framework; path = System/Library/Frameworks/CFNetwork.framework; sourceTree = SDKROOT; };
		CEE3A9B415FA0EC900F3DC99 /* Accounts.framework */ = {isa = PBXFileReference; lastKnownFileType = wrapper.framework; name = Accounts.framework; path = System/Library/Frameworks/Accounts.framework; sourceTree = SDKROOT; };
		CEE3A9B615FA0ECE00F3DC99 /* Twitter.framework */ = {isa = PBXFileReference; lastKnownFileType = wrapper.framework; name = Twitter.framework; path = System/Library/Frameworks/Twitter.framework; sourceTree = SDKROOT; };
		CEE3A9B815FA0ED700F3DC99 /* libstdc++.dylib */ = {isa = PBXFileReference; lastKnownFileType = "compiled.mach-o.dylib"; name = "libstdc++.dylib"; path = "usr/lib/libstdc++.dylib"; sourceTree = SDKROOT; };
		CEE3A9BA15FA0EDF00F3DC99 /* libc++.dylib */ = {isa = PBXFileReference; lastKnownFileType = "compiled.mach-o.dylib"; name = "libc++.dylib"; path = "usr/lib/libc++.dylib"; sourceTree = SDKROOT; };
		CEE3A9BC15FA0EE700F3DC99 /* libz.dylib */ = {isa = PBXFileReference; lastKnownFileType = "compiled.mach-o.dylib"; name = libz.dylib; path = usr/lib/libz.dylib; sourceTree = SDKROOT; };
		CEE3AADA15FA104C00F3DC99 /* UIKit.framework */ = {isa = PBXFileReference; lastKnownFileType = wrapper.framework; name = UIKit.framework; path = System/Library/Frameworks/UIKit.framework; sourceTree = SDKROOT; };
/* End PBXFileReference section */

/* Begin PBXFrameworksBuildPhase section */
		CE4F600515F8B2BB00271035 /* Frameworks */ = {
			isa = PBXFrameworksBuildPhase;
			buildActionMask = 2147483647;
			files = (
				CE4F600C15F8B2BB00271035 /* Foundation.framework in Frameworks */,
				4C75C74616D3ED3D003B0C43 /* FacebookSDK.framework in Frameworks */,
			);
			runOnlyForDeploymentPostprocessing = 0;
		};
		CE4F63BF15F9E1F200271035 /* Frameworks */ = {
			isa = PBXFrameworksBuildPhase;
			buildActionMask = 2147483647;
			files = (
			);
			runOnlyForDeploymentPostprocessing = 0;
		};
/* End PBXFrameworksBuildPhase section */

/* Begin PBXGroup section */
		37063AA015FA3E0C00B4B059 /* Foursquare */ = {
			isa = PBXGroup;
			children = (
				37497ADF160068F900AF0C29 /* Model */,
				37497ACE1600681200AF0C29 /* Parsers */,
				371D85C715FF314D001C1C2C /* Errors */,
				37063ED815FE1B3F00B4B059 /* AsyncAdapters */,
				37063AA415FA4B1600B4B059 /* FoursquareSession */,
				37063AA115FA3E9200B4B059 /* JFFSocialFoursquare.h */,
				37063AA215FA3E9200B4B059 /* JFFSocialFoursquare.m */,
			);
			path = Foursquare;
			sourceTree = "<group>";
		};
		37063AA415FA4B1600B4B059 /* FoursquareSession */ = {
			isa = PBXGroup;
			children = (
				37063AA515FA4BB900B4B059 /* JFFFoursquareSessionStorage.h */,
				37063AA615FA4BB900B4B059 /* JFFFoursquareSessionStorage.m */,
			);
			path = FoursquareSession;
			sourceTree = "<group>";
		};
		37063ED815FE1B3F00B4B059 /* AsyncAdapters */ = {
			isa = PBXGroup;
			children = (
				37063EE915FE1B9A00B4B059 /* JFFAsyncFoursquaerLogin.h */,
				37063EEA15FE1B9A00B4B059 /* JFFAsyncFoursquaerLogin.m */,
				371D875215FF6090001C1C2C /* JFFAsyncFoursquareRequest.h */,
				371D875315FF6090001C1C2C /* JFFAsyncFoursquareRequest.m */,
			);
			path = AsyncAdapters;
			sourceTree = "<group>";
		};
		371D85C715FF314D001C1C2C /* Errors */ = {
			isa = PBXGroup;
			children = (
				37497C871600A31900AF0C29 /* ParserErrors */,
				371D85D815FF31BD001C1C2C /* JFFFoursquareAuthURLError.h */,
				371D85D915FF31BD001C1C2C /* JFFFoursquareAuthURLError.m */,
				371D889F15FF7A94001C1C2C /* JFFFoursquareAuthInvalidAccessTokenError.h */,
				371D88A015FF7A94001C1C2C /* JFFFoursquareAuthInvalidAccessTokenError.m */,
				371D88B215FF7C7C001C1C2C /* JFFFoursquareCachedAccessTokenError.h */,
				371D88B315FF7C7C001C1C2C /* JFFFoursquareCachedAccessTokenError.m */,
				502AFF7616029E09009BCEEF /* JFFFoursquareNotFoundUsersCheckinsError.h */,
				502AFF7716029E09009BCEEF /* JFFFoursquareNotFoundUsersCheckinsError.m */,
			);
			path = Errors;
			sourceTree = "<group>";
		};
		37497ACE1600681200AF0C29 /* Parsers */ = {
			isa = PBXGroup;
			children = (
				37497B831600910400AF0C29 /* FoursquareUserModel+APIParser.h */,
				37497B841600910400AF0C29 /* FoursquareUserModel+APIParser.m */,
				37497C741600A15600AF0C29 /* NSArray+FqFriendsAPIParser.h */,
				37497C751600A15600AF0C29 /* NSArray+FqFriendsAPIParser.m */,
				37497DB01601D9CF00AF0C29 /* FoursquareCheckinsModel+APIParser.h */,
				37497DB11601D9CF00AF0C29 /* FoursquareCheckinsModel+APIParser.m */,
				37497DB31601DC3700AF0C29 /* NSArray+FqCheckinsAPIParser.h */,
				37497DB41601DC3800AF0C29 /* NSArray+FqCheckinsAPIParser.m */,
				37497DB61601DD2400AF0C29 /* NSDictionary+FqAPIResponseParser.h */,
				37497DB71601DD2500AF0C29 /* NSDictionary+FqAPIResponseParser.m */,
			);
			path = Parsers;
			sourceTree = "<group>";
		};
		37497ADF160068F900AF0C29 /* Model */ = {
			isa = PBXGroup;
			children = (
				37497AE01600693800AF0C29 /* FoursquareUserModel.h */,
				37497AE11600693800AF0C29 /* FoursquareUserModel.m */,
				37497D9D1601D67C00AF0C29 /* FoursquareCheckinsModel.h */,
				37497D9E1601D67C00AF0C29 /* FoursquareCheckinsModel.m */,
			);
			path = Model;
			sourceTree = "<group>";
		};
		37497C871600A31900AF0C29 /* ParserErrors */ = {
			isa = PBXGroup;
			children = (
				37497CC41600A84E00AF0C29 /* JFFFoursquaerAPIInvalidResponseError.h */,
				37497CC51600A84E00AF0C29 /* JFFFoursquaerAPIInvalidResponseError.m */,
			);
			path = ParserErrors;
			sourceTree = "<group>";
		};
		4C70272216D6837A0078A2F2 /* Model */ = {
			isa = PBXGroup;
			children = (
				4C70273416D683A00078A2F2 /* JFFSocialFacebookUser.h */,
				4C70273516D683A00078A2F2 /* JFFSocialFacebookUser.m */,
			);
			path = Model;
			sourceTree = "<group>";
		};
		4C70273316D683870078A2F2 /* Details */ = {
			isa = PBXGroup;
			children = (
				4C70273716D684290078A2F2 /* JFFSocialFacebookUser+Parser.h */,
				4C70273816D684290078A2F2 /* JFFSocialFacebookUser+Parser.m */,
			);
			path = Details;
			sourceTree = "<group>";
		};
		4C75C72316D3EA9D003B0C43 /* Facebook */ = {
			isa = PBXGroup;
			children = (
				4C70273316D683870078A2F2 /* Details */,
				4C70272216D6837A0078A2F2 /* Model */,
				4C75C73E16D3EBAC003B0C43 /* AsyncAdapters */,
				4C75C73416D3EACD003B0C43 /* Errors */,
				4C75C74A16D3F10E003B0C43 /* JFFSocialFacebook.h */,
				4C75C74B16D3F10E003B0C43 /* JFFSocialFacebook.m */,
			);
			path = Facebook;
			sourceTree = "<group>";
		};
		4C75C73416D3EACD003B0C43 /* Errors */ = {
			isa = PBXGroup;
			children = (
				4CFC62A516D61DF600D084F7 /* SDKErrors */,
				4C75C73516D3EAD7003B0C43 /* JFFFacebookError.h */,
				4C75C73616D3EAD7003B0C43 /* JFFFacebookError.m */,
				4C75C73816D3EB12003B0C43 /* JFFFacebookAuthorizeError.h */,
				4C75C73916D3EB12003B0C43 /* JFFFacebookAuthorizeError.m */,
				4C75C73B16D3EB30003B0C43 /* JFFFacebookRequestPublishingAccessError.h */,
				4C75C73C16D3EB31003B0C43 /* JFFFacebookRequestPublishingAccessError.m */,
			);
			path = Errors;
			sourceTree = "<group>";
		};
		4C75C73E16D3EBAC003B0C43 /* AsyncAdapters */ = {
			isa = PBXGroup;
			children = (
				4C75C73F16D3EBD0003B0C43 /* JFFAsyncFacebookLogin.h */,
				4C75C74016D3EBD0003B0C43 /* JFFAsyncFacebookLogin.m */,
				4C75C74216D3EC96003B0C43 /* JFFFacebookPublishAccessRequestAdapter.h */,
				4C75C74316D3EC96003B0C43 /* JFFFacebookPublishAccessRequestAdapter.m */,
				4C75C74716D3EEB4003B0C43 /* JFFAsyncFacebookLogout.h */,
				4C75C74816D3EEB4003B0C43 /* JFFAsyncFacebookLogout.m */,
				4C70273A16D6870A0078A2F2 /* JFFAsyncFacebook.h */,
				4C70273B16D6870A0078A2F2 /* JFFAsyncFacebook.m */,
				4CB52D5E16DF93C9001E64F0 /* JFFAsyncFacebookDialog.h */,
				4CB52D5F16DF93C9001E64F0 /* JFFAsyncFacebookDialog.m */,
			);
			path = AsyncAdapters;
			sourceTree = "<group>";
		};
		4CFC62A516D61DF600D084F7 /* SDKErrors */ = {
			isa = PBXGroup;
			children = (
				4CFC62B616D61E3800D084F7 /* JFFFacebookSDKErrors.h */,
				4CFC62B716D61E3800D084F7 /* JFFFacebookSDKErrors.m */,
				4CFC62B916D61E7E00D084F7 /* JFFFacebookLoginFailedCanceledError.h */,
				4CFC62BA16D61E7E00D084F7 /* JFFFacebookLoginFailedCanceledError.m */,
				4C3F01DC16DD0C9D00558DE6 /* JFFFacebookLoginFailedAccessForbidden.h */,
				4C3F01DD16DD0C9E00558DE6 /* JFFFacebookLoginFailedAccessForbidden.m */,
				4CDFCF7816DD15BF00E978E0 /* JFFFacebookLoginFailedPasswordWasChanged.h */,
				4CDFCF7916DD15BF00E978E0 /* JFFFacebookLoginFailedPasswordWasChanged.m */,
			);
			path = SDKErrors;
			sourceTree = "<group>";
		};
		CE4F5FFD15F8B2BB00271035 = {
			isa = PBXGroup;
			children = (
				CE4F600D15F8B2BB00271035 /* JFFSocial */,
				CE4F600A15F8B2BB00271035 /* Frameworks */,
				CE4F600915F8B2BB00271035 /* Products */,
				CE4F601D15F8B55300271035 /* Dependencies */,
			);
			sourceTree = "<group>";
		};
		CE4F600915F8B2BB00271035 /* Products */ = {
			isa = PBXGroup;
			children = (
				CE4F600815F8B2BB00271035 /* libJFFSocial.a */,
				CE41F75E15FA15A000A742EE /* JFFSocialTest.octest */,
			);
			name = Products;
			sourceTree = "<group>";
		};
		CE4F600A15F8B2BB00271035 /* Frameworks */ = {
			isa = PBXGroup;
			children = (
				4C75C74516D3ED3D003B0C43 /* FacebookSDK.framework */,
				CE41F6BB15FA12E700A742EE /* libstdc++.6.dylib */,
				CEE3A9BC15FA0EE700F3DC99 /* libz.dylib */,
				CEE3A9BA15FA0EDF00F3DC99 /* libc++.dylib */,
				CEE3A9B815FA0ED700F3DC99 /* libstdc++.dylib */,
				CEE3AADA15FA104C00F3DC99 /* UIKit.framework */,
				CEE3A9B615FA0ECE00F3DC99 /* Twitter.framework */,
				CEE3A9B415FA0EC900F3DC99 /* Accounts.framework */,
				CEE3A9B215FA0EC000F3DC99 /* CFNetwork.framework */,
				CE4F600B15F8B2BB00271035 /* Foundation.framework */,
				CE4F658D15F9ED4700271035 /* SenTestingKit.framework */,
			);
			name = Frameworks;
			sourceTree = "<group>";
		};
		CE4F600D15F8B2BB00271035 /* JFFSocial */ = {
			isa = PBXGroup;
			children = (
				4C75C72316D3EA9D003B0C43 /* Facebook */,
				CE4F601915F8B2D800271035 /* Twitter */,
				CEB234F315FF67EC005E5CF5 /* Instagram */,
				37063AA015FA3E0C00B4B059 /* Foursquare */,
				CE4F609515F8BA4300271035 /* Errors */,
				CE4F601015F8B2BB00271035 /* JFFSocial.h */,
				CE4F606C15F8B63F00271035 /* JFFSocialAccount.h */,
				CE4F606D15F8B63F00271035 /* JFFSocialAccount.m */,
				CEAAC3C2160B41F90058F88A /* JFFSocialMediaItem.h */,
				CEAAC3C3160B41F90058F88A /* JFFSocialMediaItem.m */,
				CE4F600E15F8B2BB00271035 /* Supporting Files */,
			);
			path = JFFSocial;
			sourceTree = "<group>";
		};
		CE4F600E15F8B2BB00271035 /* Supporting Files */ = {
			isa = PBXGroup;
			children = (
				CE4F600F15F8B2BB00271035 /* JFFSocial-Prefix.pch */,
			);
			name = "Supporting Files";
			sourceTree = "<group>";
		};
		CE4F601915F8B2D800271035 /* Twitter */ = {
			isa = PBXGroup;
			children = (
				CE5A033B15F9FE59005CC01A /* Model */,
				CE4F609915F8BB0B00271035 /* Errors */,
				CE4F604915F8B5DC00271035 /* Parsers */,
				CE4F604815F8B5C800271035 /* AsyncAdapters */,
				CE4F601A15F8B30C00271035 /* JFFSocialTwitter.h */,
				CE4F601B15F8B30C00271035 /* JFFSocialTwitter.m */,
			);
			path = Twitter;
			sourceTree = "<group>";
		};
		CE4F601D15F8B55300271035 /* Dependencies */ = {
			isa = PBXGroup;
			children = (
				CEB2365B15FF6E39005E5CF5 /* JFFUI.xcodeproj */,
				CE5A017515F9EEC4005CC01A /* JFFNetwork.xcodeproj */,
				CE4F601E15F8B56300271035 /* JFFUtils.xcodeproj */,
				CE4F602115F8B56300271035 /* JFFScheduler.xcodeproj */,
				CE4F602415F8B56300271035 /* JFFAsyncOperations.xcodeproj */,
			);
			name = Dependencies;
			sourceTree = "<group>";
		};
		CE4F601F15F8B56300271035 /* Products */ = {
			isa = PBXGroup;
			children = (
				CE4F604115F8B56300271035 /* libJFFUtils.a */,
				CE4F604315F8B56300271035 /* libJFFUtilsMacOS.a */,
				CE4F604515F8B56300271035 /* libJFFUtils-clang.a */,
				CE4F604715F8B56300271035 /* JFFUtilsFW.framework */,
				CEAAC3D8160B41F90058F88A /* JFFUtilsTest.octest */,
			);
			name = Products;
			sourceTree = "<group>";
		};
		CE4F602215F8B56300271035 /* Products */ = {
			isa = PBXGroup;
			children = (
				CE4F603515F8B56300271035 /* libJFFScheduler.a */,
				CE4F603715F8B56300271035 /* libJFFSchedulerMacOS.a */,
				CE4F603915F8B56300271035 /* libJFFScheduler-clang.a */,
				CE4F603B15F8B56300271035 /* JFFSchedulerFW.framework */,
			);
			name = Products;
			sourceTree = "<group>";
		};
		CE4F602515F8B56300271035 /* Products */ = {
			isa = PBXGroup;
			children = (
				CE4F602B15F8B56300271035 /* libJFFAsyncOperations.a */,
				CE4F602D15F8B56300271035 /* libJFFAsyncOperations-clang.a */,
				CE4F602F15F8B56300271035 /* JFFAsyncOperationsFW.framework */,
			);
			name = Products;
			sourceTree = "<group>";
		};
		CE4F604815F8B5C800271035 /* AsyncAdapters */ = {
			isa = PBXGroup;
			children = (
				CE4F608F15F8B85300271035 /* JFFAsyncTwitterRequest.h */,
				CE4F609015F8B85300271035 /* JFFAsyncTwitterRequest.m */,
				CE4F609215F8B87B00271035 /* JFFAsyncTwitterAccessRequest.h */,
				CE4F609315F8B87B00271035 /* JFFAsyncTwitterAccessRequest.m */,
				CE4F620E15F8F56F00271035 /* JFFAsyncTwitterCreateAccount.h */,
				CE4F620F15F8F57000271035 /* JFFAsyncTwitterCreateAccount.m */,
			);
			path = AsyncAdapters;
			sourceTree = "<group>";
		};
		CE4F604915F8B5DC00271035 /* Parsers */ = {
			isa = PBXGroup;
			children = (
				CE5A034215F9FFEF005CC01A /* NSArray+TweetsJSONParser.h */,
				CE5A034315F9FFEF005CC01A /* NSArray+TweetsJSONParser.m */,
				CE5A034515FA0187005CC01A /* JFFTwitterAccount+TwitterJSONApiParser.h */,
				CE5A034615FA0187005CC01A /* JFFTwitterAccount+TwitterJSONApiParser.m */,
				CE5A034915FA043B005CC01A /* JFFTweet+TwitterJSONApiParser.h */,
				CE5A034A15FA043B005CC01A /* JFFTweet+TwitterJSONApiParser.m */,
				CECF90AA15FA3C52009E707A /* JFFDirectTweetMessage+TwitterJSONApiParser.h */,
				CECF90AB15FA3C52009E707A /* JFFDirectTweetMessage+TwitterJSONApiParser.m */,
				CE85430E15FA29F500750066 /* AsyncAnalyzers.h */,
				CE85430F15FA29F500750066 /* AsyncAnalyzers.m */,
			);
			path = Parsers;
			sourceTree = "<group>";
		};
		CE4F609515F8BA4300271035 /* Errors */ = {
			isa = PBXGroup;
			children = (
				CE4F609615F8BA5700271035 /* JFFSocialError.h */,
				CE4F609715F8BA5700271035 /* JFFSocialError.m */,
			);
			path = Errors;
			sourceTree = "<group>";
		};
		CE4F609915F8BB0B00271035 /* Errors */ = {
			isa = PBXGroup;
			children = (
				CE4F61FF15F8F0D000271035 /* JFFTwitterAccountAccessNotGrantedError.h */,
				CE4F620015F8F0D000271035 /* JFFTwitterAccountAccessNotGrantedError.m */,
				CE4F621115F8F76100271035 /* JFFTwitterAccountCanceledCreationError.h */,
				CE4F621215F8F76100271035 /* JFFTwitterAccountCanceledCreationError.m */,
				CE4F623C15F9D34800271035 /* JFFNoTwitterAccountsError.h */,
				CE4F623D15F9D34800271035 /* JFFNoTwitterAccountsError.m */,
			);
			path = Errors;
			sourceTree = "<group>";
		};
		CE5A017615F9EEC4005CC01A /* Products */ = {
			isa = PBXGroup;
			children = (
				CE5A018115F9EEC4005CC01A /* libJFFNetwork.a */,
				CE5A018315F9EEC4005CC01A /* libJFFNetworkMacOS.a */,
				CE5A018515F9EEC4005CC01A /* libJFFNetwork-clang.a */,
				CE5A018715F9EEC4005CC01A /* JFFNetworkFW.framework */,
			);
			name = Products;
			sourceTree = "<group>";
		};
		CE5A033B15F9FE59005CC01A /* Model */ = {
			isa = PBXGroup;
			children = (
				CE5A033C15F9FE74005CC01A /* JFFTweet.h */,
				CE5A033D15F9FE74005CC01A /* JFFTweet.m */,
				CE5A033F15F9FE86005CC01A /* JFFTwitterAccount.h */,
				CE5A034015F9FE86005CC01A /* JFFTwitterAccount.m */,
				CE85431F15FA37C600750066 /* JFFDirectTweetMessage.h */,
				CE85432015FA37C600750066 /* JFFDirectTweetMessage.m */,
			);
			path = Model;
			sourceTree = "<group>";
		};
		CEB234F315FF67EC005E5CF5 /* Instagram */ = {
			isa = PBXGroup;
			children = (
				CEB236D116006AE4005E5CF5 /* Details */,
				CEB2367C15FF7E70005E5CF5 /* Model */,
				CEB2367415FF760F005E5CF5 /* Errors */,
				CEB2350415FF6840005E5CF5 /* JFFSocialInstagram.h */,
				CEB2350515FF6840005E5CF5 /* JFFSocialInstagram.m */,
				CEB237F01600C8E8005E5CF5 /* JFFInstagramCredentials.h */,
				CEB237F11600C8E8005E5CF5 /* JFFInstagramCredentials.m */,
			);
			path = Instagram;
			sourceTree = "<group>";
		};
		CEB2365C15FF6E39005E5CF5 /* Products */ = {
			isa = PBXGroup;
			children = (
				CEB2366C15FF6E3A005E5CF5 /* libJFFUI.a */,
				CEB2366E15FF6E3A005E5CF5 /* libJFFUI copy.a */,
			);
			name = Products;
			sourceTree = "<group>";
		};
		CEB2367415FF760F005E5CF5 /* Errors */ = {
			isa = PBXGroup;
			children = (
				CEB2367515FF7638005E5CF5 /* JFFInvalidInstagramResponseURLError.h */,
				CEB2367615FF7638005E5CF5 /* JFFInvalidInstagramResponseURLError.m */,
				CEB2368015FF8010005E5CF5 /* JFFInstagramResponseError.h */,
				CEB2368115FF8010005E5CF5 /* JFFInstagramResponseError.m */,
			);
			path = Errors;
			sourceTree = "<group>";
		};
		CEB2367C15FF7E70005E5CF5 /* Model */ = {
			isa = PBXGroup;
			children = (
				CEB2367D15FF7E80005E5CF5 /* JFFInstagramAuthedAccount.h */,
				CEB2367E15FF7E80005E5CF5 /* JFFInstagramAuthedAccount.m */,
				CEB2368315FF877C005E5CF5 /* JFFInstagramAccount.h */,
				CEB2368415FF877C005E5CF5 /* JFFInstagramAccount.m */,
				CEB2376E160098B0005E5CF5 /* JFFInstagramMediaItem.h */,
				CEB2376F160098B0005E5CF5 /* JFFInstagramMediaItem.m */,
				CEC806A8160B4F2F005DC722 /* JFFInstagramMediaItemImage.h */,
				CEC806A9160B4F2F005DC722 /* JFFInstagramMediaItemImage.m */,
				CEB237831600AE6B005E5CF5 /* JFFInstagramComment.h */,
				CEB237841600AE6B005E5CF5 /* JFFInstagramComment.m */,
			);
			path = Model;
			sourceTree = "<group>";
		};
		CEB236D116006AE4005E5CF5 /* Details */ = {
			isa = PBXGroup;
			children = (
				CEB236D216006AF6005E5CF5 /* JFFSocialInstagramApi.h */,
				CEB236D316006AF6005E5CF5 /* JFFSocialInstagramApi.m */,
				CEB236D616006F05005E5CF5 /* JFFInstagramJSONDataAnalyzers.h */,
				CEB236D716006F05005E5CF5 /* JFFInstagramJSONDataAnalyzers.m */,
			);
			path = Details;
			sourceTree = "<group>";
		};
/* End PBXGroup section */

/* Begin PBXNativeTarget section */
		CE4F600715F8B2BB00271035 /* JFFSocial */ = {
			isa = PBXNativeTarget;
			buildConfigurationList = CE4F601615F8B2BB00271035 /* Build configuration list for PBXNativeTarget "JFFSocial" */;
			buildPhases = (
				CE4F600415F8B2BB00271035 /* Sources */,
				CE4F600515F8B2BB00271035 /* Frameworks */,
				CE4F600615F8B2BB00271035 /* CopyFiles */,
			);
			buildRules = (
			);
			dependencies = (
			);
			name = JFFSocial;
			productName = JFFSocial;
			productReference = CE4F600815F8B2BB00271035 /* libJFFSocial.a */;
			productType = "com.apple.product-type.library.static";
		};
		CE4F63C215F9E1F200271035 /* JFFSocialTest */ = {
			isa = PBXNativeTarget;
			buildConfigurationList = CE4F63D315F9E1F200271035 /* Build configuration list for PBXNativeTarget "JFFSocialTest" */;
			buildPhases = (
				CE4F63BE15F9E1F200271035 /* Sources */,
				CE4F63BF15F9E1F200271035 /* Frameworks */,
			);
			buildRules = (
			);
			dependencies = (
			);
			name = JFFSocialTest;
			productName = JFFSocialTest;
			productType = "com.apple.product-type.bundle";
		};
/* End PBXNativeTarget section */

/* Begin PBXProject section */
		CE4F5FFF15F8B2BB00271035 /* Project object */ = {
			isa = PBXProject;
			attributes = {
				LastUpgradeCheck = 0460;
				ORGANIZATIONNAME = EmbeddedSources;
			};
			buildConfigurationList = CE4F600215F8B2BB00271035 /* Build configuration list for PBXProject "JFFSocial" */;
			compatibilityVersion = "Xcode 3.2";
			developmentRegion = English;
			hasScannedForEncodings = 0;
			knownRegions = (
				en,
			);
			mainGroup = CE4F5FFD15F8B2BB00271035;
			productRefGroup = CE4F600915F8B2BB00271035 /* Products */;
			projectDirPath = "";
			projectReferences = (
				{
					ProductGroup = CE4F602515F8B56300271035 /* Products */;
					ProjectRef = CE4F602415F8B56300271035 /* JFFAsyncOperations.xcodeproj */;
				},
				{
					ProductGroup = CE5A017615F9EEC4005CC01A /* Products */;
					ProjectRef = CE5A017515F9EEC4005CC01A /* JFFNetwork.xcodeproj */;
				},
				{
					ProductGroup = CE4F602215F8B56300271035 /* Products */;
					ProjectRef = CE4F602115F8B56300271035 /* JFFScheduler.xcodeproj */;
				},
				{
					ProductGroup = CEB2365C15FF6E39005E5CF5 /* Products */;
					ProjectRef = CEB2365B15FF6E39005E5CF5 /* JFFUI.xcodeproj */;
				},
				{
					ProductGroup = CE4F601F15F8B56300271035 /* Products */;
					ProjectRef = CE4F601E15F8B56300271035 /* JFFUtils.xcodeproj */;
				},
			);
			projectRoot = "";
			targets = (
				CE4F600715F8B2BB00271035 /* JFFSocial */,
				CE4F63C215F9E1F200271035 /* JFFSocialTest */,
			);
		};
/* End PBXProject section */

/* Begin PBXReferenceProxy section */
		CE4F602B15F8B56300271035 /* libJFFAsyncOperations.a */ = {
			isa = PBXReferenceProxy;
			fileType = archive.ar;
			path = libJFFAsyncOperations.a;
			remoteRef = CE4F602A15F8B56300271035 /* PBXContainerItemProxy */;
			sourceTree = BUILT_PRODUCTS_DIR;
		};
		CE4F602D15F8B56300271035 /* libJFFAsyncOperations-clang.a */ = {
			isa = PBXReferenceProxy;
			fileType = archive.ar;
			path = "libJFFAsyncOperations-clang.a";
			remoteRef = CE4F602C15F8B56300271035 /* PBXContainerItemProxy */;
			sourceTree = BUILT_PRODUCTS_DIR;
		};
		CE4F602F15F8B56300271035 /* JFFAsyncOperationsFW.framework */ = {
			isa = PBXReferenceProxy;
			fileType = wrapper.framework.static;
			path = JFFAsyncOperationsFW.framework;
			remoteRef = CE4F602E15F8B56300271035 /* PBXContainerItemProxy */;
			sourceTree = BUILT_PRODUCTS_DIR;
		};
		CE4F603515F8B56300271035 /* libJFFScheduler.a */ = {
			isa = PBXReferenceProxy;
			fileType = archive.ar;
			path = libJFFScheduler.a;
			remoteRef = CE4F603415F8B56300271035 /* PBXContainerItemProxy */;
			sourceTree = BUILT_PRODUCTS_DIR;
		};
		CE4F603715F8B56300271035 /* libJFFSchedulerMacOS.a */ = {
			isa = PBXReferenceProxy;
			fileType = archive.ar;
			path = libJFFSchedulerMacOS.a;
			remoteRef = CE4F603615F8B56300271035 /* PBXContainerItemProxy */;
			sourceTree = BUILT_PRODUCTS_DIR;
		};
		CE4F603915F8B56300271035 /* libJFFScheduler-clang.a */ = {
			isa = PBXReferenceProxy;
			fileType = archive.ar;
			path = "libJFFScheduler-clang.a";
			remoteRef = CE4F603815F8B56300271035 /* PBXContainerItemProxy */;
			sourceTree = BUILT_PRODUCTS_DIR;
		};
		CE4F603B15F8B56300271035 /* JFFSchedulerFW.framework */ = {
			isa = PBXReferenceProxy;
			fileType = wrapper.framework.static;
			path = JFFSchedulerFW.framework;
			remoteRef = CE4F603A15F8B56300271035 /* PBXContainerItemProxy */;
			sourceTree = BUILT_PRODUCTS_DIR;
		};
		CE4F604115F8B56300271035 /* libJFFUtils.a */ = {
			isa = PBXReferenceProxy;
			fileType = archive.ar;
			path = libJFFUtils.a;
			remoteRef = CE4F604015F8B56300271035 /* PBXContainerItemProxy */;
			sourceTree = BUILT_PRODUCTS_DIR;
		};
		CE4F604315F8B56300271035 /* libJFFUtilsMacOS.a */ = {
			isa = PBXReferenceProxy;
			fileType = archive.ar;
			path = libJFFUtilsMacOS.a;
			remoteRef = CE4F604215F8B56300271035 /* PBXContainerItemProxy */;
			sourceTree = BUILT_PRODUCTS_DIR;
		};
		CE4F604515F8B56300271035 /* libJFFUtils-clang.a */ = {
			isa = PBXReferenceProxy;
			fileType = archive.ar;
			path = "libJFFUtils-clang.a";
			remoteRef = CE4F604415F8B56300271035 /* PBXContainerItemProxy */;
			sourceTree = BUILT_PRODUCTS_DIR;
		};
		CE4F604715F8B56300271035 /* JFFUtilsFW.framework */ = {
			isa = PBXReferenceProxy;
			fileType = wrapper.framework.static;
			path = JFFUtilsFW.framework;
			remoteRef = CE4F604615F8B56300271035 /* PBXContainerItemProxy */;
			sourceTree = BUILT_PRODUCTS_DIR;
		};
		CE5A018115F9EEC4005CC01A /* libJFFNetwork.a */ = {
			isa = PBXReferenceProxy;
			fileType = archive.ar;
			path = libJFFNetwork.a;
			remoteRef = CE5A018015F9EEC4005CC01A /* PBXContainerItemProxy */;
			sourceTree = BUILT_PRODUCTS_DIR;
		};
		CE5A018315F9EEC4005CC01A /* libJFFNetworkMacOS.a */ = {
			isa = PBXReferenceProxy;
			fileType = archive.ar;
			path = libJFFNetworkMacOS.a;
			remoteRef = CE5A018215F9EEC4005CC01A /* PBXContainerItemProxy */;
			sourceTree = BUILT_PRODUCTS_DIR;
		};
		CE5A018515F9EEC4005CC01A /* libJFFNetwork-clang.a */ = {
			isa = PBXReferenceProxy;
			fileType = archive.ar;
			path = "libJFFNetwork-clang.a";
			remoteRef = CE5A018415F9EEC4005CC01A /* PBXContainerItemProxy */;
			sourceTree = BUILT_PRODUCTS_DIR;
		};
		CE5A018715F9EEC4005CC01A /* JFFNetworkFW.framework */ = {
			isa = PBXReferenceProxy;
			fileType = wrapper.framework.static;
			path = JFFNetworkFW.framework;
			remoteRef = CE5A018615F9EEC4005CC01A /* PBXContainerItemProxy */;
			sourceTree = BUILT_PRODUCTS_DIR;
		};
		CEAAC3D8160B41F90058F88A /* JFFUtilsTest.octest */ = {
			isa = PBXReferenceProxy;
			fileType = wrapper.cfbundle;
			path = JFFUtilsTest.octest;
			remoteRef = CEAAC3D7160B41F90058F88A /* PBXContainerItemProxy */;
			sourceTree = BUILT_PRODUCTS_DIR;
		};
		CEB2366C15FF6E3A005E5CF5 /* libJFFUI.a */ = {
			isa = PBXReferenceProxy;
			fileType = archive.ar;
			path = libJFFUI.a;
			remoteRef = CEB2366B15FF6E3A005E5CF5 /* PBXContainerItemProxy */;
			sourceTree = BUILT_PRODUCTS_DIR;
		};
		CEB2366E15FF6E3A005E5CF5 /* libJFFUI copy.a */ = {
			isa = PBXReferenceProxy;
			fileType = archive.ar;
			name = "libJFFUI copy.a";
			path = "libJFFUI-clang.a";
			remoteRef = CEB2366D15FF6E3A005E5CF5 /* PBXContainerItemProxy */;
			sourceTree = BUILT_PRODUCTS_DIR;
		};
/* End PBXReferenceProxy section */

/* Begin PBXSourcesBuildPhase section */
		CE4F600415F8B2BB00271035 /* Sources */ = {
			isa = PBXSourcesBuildPhase;
			buildActionMask = 2147483647;
			files = (
				CE4F601C15F8B30C00271035 /* JFFSocialTwitter.m in Sources */,
				CE4F606E15F8B63F00271035 /* JFFSocialAccount.m in Sources */,
				CE4F609115F8B85300271035 /* JFFAsyncTwitterRequest.m in Sources */,
				CE4F609415F8B87B00271035 /* JFFAsyncTwitterAccessRequest.m in Sources */,
				CE4F609815F8BA5700271035 /* JFFSocialError.m in Sources */,
				CE4F620115F8F0D000271035 /* JFFTwitterAccountAccessNotGrantedError.m in Sources */,
				CE4F621015F8F57100271035 /* JFFAsyncTwitterCreateAccount.m in Sources */,
				CE4F621315F8F76100271035 /* JFFTwitterAccountCanceledCreationError.m in Sources */,
				CE4F623E15F9D34800271035 /* JFFNoTwitterAccountsError.m in Sources */,
				CE5A033E15F9FE74005CC01A /* JFFTweet.m in Sources */,
				CE5A034115F9FE86005CC01A /* JFFTwitterAccount.m in Sources */,
				CE5A034415F9FFEF005CC01A /* NSArray+TweetsJSONParser.m in Sources */,
				CE5A034715FA0187005CC01A /* JFFTwitterAccount+TwitterJSONApiParser.m in Sources */,
				CE5A034B15FA043B005CC01A /* JFFTweet+TwitterJSONApiParser.m in Sources */,
				CE85431015FA29F600750066 /* AsyncAnalyzers.m in Sources */,
				37063AA315FA3E9200B4B059 /* JFFSocialFoursquare.m in Sources */,
				37063AA715FA4BB900B4B059 /* JFFFoursquareSessionStorage.m in Sources */,
				CE85432115FA37C600750066 /* JFFDirectTweetMessage.m in Sources */,
				CECF90AC15FA3C52009E707A /* JFFDirectTweetMessage+TwitterJSONApiParser.m in Sources */,
				CEB2350615FF6840005E5CF5 /* JFFSocialInstagram.m in Sources */,
				37063EEB15FE1B9A00B4B059 /* JFFAsyncFoursquaerLogin.m in Sources */,
				371D85DA15FF31BD001C1C2C /* JFFFoursquareAuthURLError.m in Sources */,
				371D875415FF6090001C1C2C /* JFFAsyncFoursquareRequest.m in Sources */,
				371D88A115FF7A94001C1C2C /* JFFFoursquareAuthInvalidAccessTokenError.m in Sources */,
				371D88B415FF7C7C001C1C2C /* JFFFoursquareCachedAccessTokenError.m in Sources */,
				37497AE21600693900AF0C29 /* FoursquareUserModel.m in Sources */,
				CEB2367715FF7638005E5CF5 /* JFFInvalidInstagramResponseURLError.m in Sources */,
				CEB2367F15FF7E80005E5CF5 /* JFFInstagramAuthedAccount.m in Sources */,
				CEB2368215FF8010005E5CF5 /* JFFInstagramResponseError.m in Sources */,
				CEB2368515FF877C005E5CF5 /* JFFInstagramAccount.m in Sources */,
				CEB236D416006AF6005E5CF5 /* JFFSocialInstagramApi.m in Sources */,
				CEB236D816006F05005E5CF5 /* JFFInstagramJSONDataAnalyzers.m in Sources */,
				CEB23770160098B0005E5CF5 /* JFFInstagramMediaItem.m in Sources */,
				CEB237851600AE6C005E5CF5 /* JFFInstagramComment.m in Sources */,
				CEB237F21600C8E8005E5CF5 /* JFFInstagramCredentials.m in Sources */,
				37497B851600910400AF0C29 /* FoursquareUserModel+APIParser.m in Sources */,
				37497C761600A15600AF0C29 /* NSArray+FqFriendsAPIParser.m in Sources */,
				37497CC61600A84E00AF0C29 /* JFFFoursquaerAPIInvalidResponseError.m in Sources */,
				37497D9F1601D67C00AF0C29 /* FoursquareCheckinsModel.m in Sources */,
				37497DB21601D9CF00AF0C29 /* FoursquareCheckinsModel+APIParser.m in Sources */,
				37497DB51601DC3800AF0C29 /* NSArray+FqCheckinsAPIParser.m in Sources */,
				37497DB81601DD2500AF0C29 /* NSDictionary+FqAPIResponseParser.m in Sources */,
				502AFF7816029E09009BCEEF /* JFFFoursquareNotFoundUsersCheckinsError.m in Sources */,
				CEAAC3C4160B41F90058F88A /* JFFSocialMediaItem.m in Sources */,
				CEC806BE160B576B005DC722 /* JFFInstagramMediaItemImage.m in Sources */,
				4C75C73716D3EAD7003B0C43 /* JFFFacebookError.m in Sources */,
				4C75C73A16D3EB12003B0C43 /* JFFFacebookAuthorizeError.m in Sources */,
				4C75C73D16D3EB32003B0C43 /* JFFFacebookRequestPublishingAccessError.m in Sources */,
				4C75C74116D3EBD0003B0C43 /* JFFAsyncFacebookLogin.m in Sources */,
				4C75C74416D3EC97003B0C43 /* JFFFacebookPublishAccessRequestAdapter.m in Sources */,
				4C75C74916D3EEB4003B0C43 /* JFFAsyncFacebookLogout.m in Sources */,
				4C75C74C16D3F10F003B0C43 /* JFFSocialFacebook.m in Sources */,
				4CFC62B816D61E3800D084F7 /* JFFFacebookSDKErrors.m in Sources */,
				4CFC62BB16D61E7E00D084F7 /* JFFFacebookLoginFailedCanceledError.m in Sources */,
				4C70273616D683A00078A2F2 /* JFFSocialFacebookUser.m in Sources */,
				4C70273916D684290078A2F2 /* JFFSocialFacebookUser+Parser.m in Sources */,
				4C70273C16D6870A0078A2F2 /* JFFAsyncFacebook.m in Sources */,
				4C3F01DE16DD0C9E00558DE6 /* JFFFacebookLoginFailedAccessForbidden.m in Sources */,
				4CDFCF7A16DD15BF00E978E0 /* JFFFacebookLoginFailedPasswordWasChanged.m in Sources */,
				4CB52D6016DF93C9001E64F0 /* JFFAsyncFacebookDialog.m in Sources */,
			);
			runOnlyForDeploymentPostprocessing = 0;
		};
		CE4F63BE15F9E1F200271035 /* Sources */ = {
			isa = PBXSourcesBuildPhase;
			buildActionMask = 2147483647;
			files = (
			);
			runOnlyForDeploymentPostprocessing = 0;
		};
/* End PBXSourcesBuildPhase section */

/* Begin XCBuildConfiguration section */
		CE4F601415F8B2BB00271035 /* Debug */ = {
			isa = XCBuildConfiguration;
			buildSettings = {
				ALWAYS_SEARCH_USER_PATHS = NO;
				ARCHS = "$(ARCHS_STANDARD_32_BIT)";
				CLANG_CXX_LANGUAGE_STANDARD = "gnu++0x";
				CLANG_ENABLE_OBJC_ARC = YES;
				CLANG_WARN_CONSTANT_CONVERSION = YES;
				CLANG_WARN_ENUM_CONVERSION = YES;
				CLANG_WARN_INT_CONVERSION = YES;
				CLANG_WARN__DUPLICATE_METHOD_MATCH = YES;
				COPY_PHASE_STRIP = NO;
				GCC_C_LANGUAGE_STANDARD = gnu99;
				GCC_DYNAMIC_NO_PIC = NO;
				GCC_OPTIMIZATION_LEVEL = 0;
				GCC_PREPROCESSOR_DEFINITIONS = (
					"DEBUG=1",
					"$(inherited)",
				);
				GCC_SYMBOLS_PRIVATE_EXTERN = NO;
				GCC_VERSION = com.apple.compilers.llvm.clang.1_0;
				GCC_WARN_ABOUT_RETURN_TYPE = YES;
				GCC_WARN_UNINITIALIZED_AUTOS = YES;
				GCC_WARN_UNUSED_VARIABLE = YES;
				HEADER_SEARCH_PATHS = (
					../,
					.,
					../JFFJsonTools,
				);
				IPHONEOS_DEPLOYMENT_TARGET = 5.1;
				SDKROOT = iphoneos;
			};
			name = Debug;
		};
		CE4F601515F8B2BB00271035 /* Release */ = {
			isa = XCBuildConfiguration;
			buildSettings = {
				ALWAYS_SEARCH_USER_PATHS = NO;
				ARCHS = "$(ARCHS_STANDARD_32_BIT)";
				CLANG_CXX_LANGUAGE_STANDARD = "gnu++0x";
				CLANG_ENABLE_OBJC_ARC = YES;
				CLANG_WARN_CONSTANT_CONVERSION = YES;
				CLANG_WARN_ENUM_CONVERSION = YES;
				CLANG_WARN_INT_CONVERSION = YES;
				CLANG_WARN__DUPLICATE_METHOD_MATCH = YES;
				COPY_PHASE_STRIP = YES;
				GCC_C_LANGUAGE_STANDARD = gnu99;
				GCC_VERSION = com.apple.compilers.llvm.clang.1_0;
				GCC_WARN_ABOUT_RETURN_TYPE = YES;
				GCC_WARN_UNINITIALIZED_AUTOS = YES;
				GCC_WARN_UNUSED_VARIABLE = YES;
				HEADER_SEARCH_PATHS = (
					../,
					.,
					../JFFJsonTools,
				);
				IPHONEOS_DEPLOYMENT_TARGET = 5.1;
				SDKROOT = iphoneos;
				VALIDATE_PRODUCT = YES;
			};
			name = Release;
		};
		CE4F601715F8B2BB00271035 /* Debug */ = {
			isa = XCBuildConfiguration;
			buildSettings = {
				DSTROOT = /tmp/JFFSocial.dst;
				FRAMEWORK_SEARCH_PATHS = (
					"$(inherited)",
					"\"$(SRCROOT)/../../frameworks\"",
				);
				GCC_PRECOMPILE_PREFIX_HEADER = YES;
				GCC_PREFIX_HEADER = "JFFSocial/JFFSocial-Prefix.pch";
				OTHER_LDFLAGS = "-ObjC";
				PRODUCT_NAME = "$(TARGET_NAME)";
				SKIP_INSTALL = YES;
			};
			name = Debug;
		};
		CE4F601815F8B2BB00271035 /* Release */ = {
			isa = XCBuildConfiguration;
			buildSettings = {
				DSTROOT = /tmp/JFFSocial.dst;
				FRAMEWORK_SEARCH_PATHS = (
					"$(inherited)",
					"\"$(SRCROOT)/../../frameworks\"",
				);
				GCC_PRECOMPILE_PREFIX_HEADER = YES;
				GCC_PREFIX_HEADER = "JFFSocial/JFFSocial-Prefix.pch";
				OTHER_LDFLAGS = "-ObjC";
				PRODUCT_NAME = "$(TARGET_NAME)";
				SKIP_INSTALL = YES;
			};
			name = Release;
		};
		CE4F63D415F9E1F200271035 /* Debug */ = {
			isa = XCBuildConfiguration;
			buildSettings = {
				FRAMEWORK_SEARCH_PATHS = (
					"\"$(SDKROOT)/Developer/Library/Frameworks\"",
					"\"$(DEVELOPER_LIBRARY_DIR)/Frameworks\"",
				);
				GCC_PRECOMPILE_PREFIX_HEADER = YES;
				GCC_PREFIX_HEADER = "JFFSocialTest/JFFSocialTest-Prefix.pch";
				INFOPLIST_FILE = "JFFSocialTest/JFFSocialTest-Info.plist";
				PRODUCT_NAME = "$(TARGET_NAME)";
				WRAPPER_EXTENSION = octest;
			};
			name = Debug;
		};
		CE4F63D515F9E1F200271035 /* Release */ = {
			isa = XCBuildConfiguration;
			buildSettings = {
				FRAMEWORK_SEARCH_PATHS = (
					"\"$(SDKROOT)/Developer/Library/Frameworks\"",
					"\"$(DEVELOPER_LIBRARY_DIR)/Frameworks\"",
				);
				GCC_PRECOMPILE_PREFIX_HEADER = YES;
				GCC_PREFIX_HEADER = "JFFSocialTest/JFFSocialTest-Prefix.pch";
				INFOPLIST_FILE = "JFFSocialTest/JFFSocialTest-Info.plist";
				PRODUCT_NAME = "$(TARGET_NAME)";
				WRAPPER_EXTENSION = octest;
			};
			name = Release;
		};
/* End XCBuildConfiguration section */

/* Begin XCConfigurationList section */
		CE4F600215F8B2BB00271035 /* Build configuration list for PBXProject "JFFSocial" */ = {
			isa = XCConfigurationList;
			buildConfigurations = (
				CE4F601415F8B2BB00271035 /* Debug */,
				CE4F601515F8B2BB00271035 /* Release */,
			);
			defaultConfigurationIsVisible = 0;
			defaultConfigurationName = Release;
		};
		CE4F601615F8B2BB00271035 /* Build configuration list for PBXNativeTarget "JFFSocial" */ = {
			isa = XCConfigurationList;
			buildConfigurations = (
				CE4F601715F8B2BB00271035 /* Debug */,
				CE4F601815F8B2BB00271035 /* Release */,
			);
			defaultConfigurationIsVisible = 0;
			defaultConfigurationName = Release;
		};
		CE4F63D315F9E1F200271035 /* Build configuration list for PBXNativeTarget "JFFSocialTest" */ = {
			isa = XCConfigurationList;
			buildConfigurations = (
				CE4F63D415F9E1F200271035 /* Debug */,
				CE4F63D515F9E1F200271035 /* Release */,
			);
			defaultConfigurationIsVisible = 0;
			defaultConfigurationName = Release;
		};
/* End XCConfigurationList section */
	};
	rootObject = CE4F5FFF15F8B2BB00271035 /* Project object */;
}
