// !$*UTF8*$!
{
	archiveVersion = 1;
	classes = {
	};
	objectVersion = 46;
	objects = {

/* Begin PBXBuildFile section */
		1B0857D61451711D001DDE0A /* JFFCallbacksBlocksHolder.h in Headers */ = {isa = PBXBuildFile; fileRef = 1B0857D51451711D001DDE0A /* JFFCallbacksBlocksHolder.h */; };
		1B0857DA1451717C001DDE0A /* JFFAsyncOperationProgressBlockHolder.h in Headers */ = {isa = PBXBuildFile; fileRef = 1B0857D71451717C001DDE0A /* JFFAsyncOperationProgressBlockHolder.h */; };
		1B0857DB1451717C001DDE0A /* JFFCancelAsyncOperationBlockHolder.h in Headers */ = {isa = PBXBuildFile; fileRef = 1B0857D81451717C001DDE0A /* JFFCancelAsyncOperationBlockHolder.h */; };
		1B0857DC1451717C001DDE0A /* JFFDidFinishAsyncOperationBlockHolder.h in Headers */ = {isa = PBXBuildFile; fileRef = 1B0857D91451717C001DDE0A /* JFFDidFinishAsyncOperationBlockHolder.h */; };
		1B9026C1143F35F800D3B0A0 /* Foundation.framework in Frameworks */ = {isa = PBXBuildFile; fileRef = 1B9026C0143F35F800D3B0A0 /* Foundation.framework */; };
		1B9026DA143F36A100D3B0A0 /* JFFAsyncOperations_Prefix.pch in Headers */ = {isa = PBXBuildFile; fileRef = 1B9026D9143F36A100D3B0A0 /* JFFAsyncOperations_Prefix.pch */; };
		1B902724143F36B700D3B0A0 /* JFFAsyncOperationsBlockDefinitions.h in Headers */ = {isa = PBXBuildFile; fileRef = 1B9026F6143F36B700D3B0A0 /* JFFAsyncOperationsBlockDefinitions.h */; };
		1B90272D143F36B700D3B0A0 /* JFFActiveLoaderData.h in Headers */ = {isa = PBXBuildFile; fileRef = 1B902701143F36B700D3B0A0 /* JFFActiveLoaderData.h */; };
		1B90272E143F36B700D3B0A0 /* JFFActiveLoaderData.m in Sources */ = {isa = PBXBuildFile; fileRef = 1B902702143F36B700D3B0A0 /* JFFActiveLoaderData.m */; };
		1B90272F143F36B700D3B0A0 /* JFFAsyncOperationLoadBalancerContexts.h in Headers */ = {isa = PBXBuildFile; fileRef = 1B902703143F36B700D3B0A0 /* JFFAsyncOperationLoadBalancerContexts.h */; };
		1B902730143F36B700D3B0A0 /* JFFAsyncOperationLoadBalancerContexts.m in Sources */ = {isa = PBXBuildFile; fileRef = 1B902704143F36B700D3B0A0 /* JFFAsyncOperationLoadBalancerContexts.m */; };
		1B902731143F36B700D3B0A0 /* JFFContextLoaders.h in Headers */ = {isa = PBXBuildFile; fileRef = 1B902705143F36B700D3B0A0 /* JFFContextLoaders.h */; };
		1B902732143F36B700D3B0A0 /* JFFContextLoaders.m in Sources */ = {isa = PBXBuildFile; fileRef = 1B902706143F36B700D3B0A0 /* JFFContextLoaders.m */; };
		1B902733143F36B700D3B0A0 /* JFFPedingLoaderData.h in Headers */ = {isa = PBXBuildFile; fileRef = 1B902707143F36B700D3B0A0 /* JFFPedingLoaderData.h */; };
		1B902734143F36B700D3B0A0 /* JFFPedingLoaderData.m in Sources */ = {isa = PBXBuildFile; fileRef = 1B902708143F36B700D3B0A0 /* JFFPedingLoaderData.m */; };
		1B902735143F36B700D3B0A0 /* JFFAsyncOperationLoadBalancer.h in Headers */ = {isa = PBXBuildFile; fileRef = 1B902709143F36B700D3B0A0 /* JFFAsyncOperationLoadBalancer.h */; };
		1B902736143F36B700D3B0A0 /* JFFAsyncOperationLoadBalancer.m in Sources */ = {isa = PBXBuildFile; fileRef = 1B90270A143F36B700D3B0A0 /* JFFAsyncOperationLoadBalancer.m */; };
		6532667E14C1EB3A004E90B0 /* JFFAsyncOperationsPredefinedBlocks.h in Headers */ = {isa = PBXBuildFile; fileRef = 6532667D14C1EB3A004E90B0 /* JFFAsyncOperationsPredefinedBlocks.h */; };
		65359BD2151A7FEF0099D6FE /* JFFAsyncOperationBuilder.h in Headers */ = {isa = PBXBuildFile; fileRef = 65359BD1151A7FEF0099D6FE /* JFFAsyncOperationBuilder.h */; };
/* End PBXBuildFile section */

/* Begin PBXFileReference section */
		1B0857D51451711D001DDE0A /* JFFCallbacksBlocksHolder.h */ = {isa = PBXFileReference; fileEncoding = 4; lastKnownFileType = sourcecode.c.h; name = JFFCallbacksBlocksHolder.h; path = Detail/JFFCallbacksBlocksHolder.h; sourceTree = SOURCE_ROOT; };
		1B0857D71451717C001DDE0A /* JFFAsyncOperationProgressBlockHolder.h */ = {isa = PBXFileReference; fileEncoding = 4; lastKnownFileType = sourcecode.c.h; name = JFFAsyncOperationProgressBlockHolder.h; path = Helpers/JFFAsyncOperationProgressBlockHolder.h; sourceTree = SOURCE_ROOT; };
		1B0857D81451717C001DDE0A /* JFFCancelAsyncOperationBlockHolder.h */ = {isa = PBXFileReference; fileEncoding = 4; lastKnownFileType = sourcecode.c.h; name = JFFCancelAsyncOperationBlockHolder.h; path = Helpers/JFFCancelAsyncOperationBlockHolder.h; sourceTree = SOURCE_ROOT; };
		1B0857D91451717C001DDE0A /* JFFDidFinishAsyncOperationBlockHolder.h */ = {isa = PBXFileReference; fileEncoding = 4; lastKnownFileType = sourcecode.c.h; name = JFFDidFinishAsyncOperationBlockHolder.h; path = Helpers/JFFDidFinishAsyncOperationBlockHolder.h; sourceTree = SOURCE_ROOT; };
		1B9026BD143F35F800D3B0A0 /* libJFFAsyncOpNoARC.a */ = {isa = PBXFileReference; explicitFileType = archive.ar; includeInIndex = 0; path = libJFFAsyncOpNoARC.a; sourceTree = BUILT_PRODUCTS_DIR; };
		1B9026C0143F35F800D3B0A0 /* Foundation.framework */ = {isa = PBXFileReference; lastKnownFileType = wrapper.framework; name = Foundation.framework; path = System/Library/Frameworks/Foundation.framework; sourceTree = SDKROOT; };
		1B9026D9143F36A100D3B0A0 /* JFFAsyncOperations_Prefix.pch */ = {isa = PBXFileReference; fileEncoding = 4; lastKnownFileType = sourcecode.c.h; path = JFFAsyncOperations_Prefix.pch; sourceTree = SOURCE_ROOT; };
		1B9026F6143F36B700D3B0A0 /* JFFAsyncOperationsBlockDefinitions.h */ = {isa = PBXFileReference; fileEncoding = 4; lastKnownFileType = sourcecode.c.h; path = JFFAsyncOperationsBlockDefinitions.h; sourceTree = SOURCE_ROOT; };
		1B902701143F36B700D3B0A0 /* JFFActiveLoaderData.h */ = {isa = PBXFileReference; fileEncoding = 4; lastKnownFileType = sourcecode.c.h; path = JFFActiveLoaderData.h; sourceTree = "<group>"; };
		1B902702143F36B700D3B0A0 /* JFFActiveLoaderData.m */ = {isa = PBXFileReference; fileEncoding = 4; lastKnownFileType = sourcecode.c.objc; path = JFFActiveLoaderData.m; sourceTree = "<group>"; };
		1B902703143F36B700D3B0A0 /* JFFAsyncOperationLoadBalancerContexts.h */ = {isa = PBXFileReference; fileEncoding = 4; lastKnownFileType = sourcecode.c.h; path = JFFAsyncOperationLoadBalancerContexts.h; sourceTree = "<group>"; };
		1B902704143F36B700D3B0A0 /* JFFAsyncOperationLoadBalancerContexts.m */ = {isa = PBXFileReference; fileEncoding = 4; lastKnownFileType = sourcecode.c.objc; path = JFFAsyncOperationLoadBalancerContexts.m; sourceTree = "<group>"; };
		1B902705143F36B700D3B0A0 /* JFFContextLoaders.h */ = {isa = PBXFileReference; fileEncoding = 4; lastKnownFileType = sourcecode.c.h; path = JFFContextLoaders.h; sourceTree = "<group>"; };
		1B902706143F36B700D3B0A0 /* JFFContextLoaders.m */ = {isa = PBXFileReference; fileEncoding = 4; lastKnownFileType = sourcecode.c.objc; path = JFFContextLoaders.m; sourceTree = "<group>"; };
		1B902707143F36B700D3B0A0 /* JFFPedingLoaderData.h */ = {isa = PBXFileReference; fileEncoding = 4; lastKnownFileType = sourcecode.c.h; path = JFFPedingLoaderData.h; sourceTree = "<group>"; };
		1B902708143F36B700D3B0A0 /* JFFPedingLoaderData.m */ = {isa = PBXFileReference; fileEncoding = 4; lastKnownFileType = sourcecode.c.objc; path = JFFPedingLoaderData.m; sourceTree = "<group>"; };
		1B902709143F36B700D3B0A0 /* JFFAsyncOperationLoadBalancer.h */ = {isa = PBXFileReference; fileEncoding = 4; lastKnownFileType = sourcecode.c.h; path = JFFAsyncOperationLoadBalancer.h; sourceTree = "<group>"; };
		1B90270A143F36B700D3B0A0 /* JFFAsyncOperationLoadBalancer.m */ = {isa = PBXFileReference; fileEncoding = 4; lastKnownFileType = sourcecode.c.objc; path = JFFAsyncOperationLoadBalancer.m; sourceTree = "<group>"; };
		6532667D14C1EB3A004E90B0 /* JFFAsyncOperationsPredefinedBlocks.h */ = {isa = PBXFileReference; fileEncoding = 4; lastKnownFileType = sourcecode.c.h; path = JFFAsyncOperationsPredefinedBlocks.h; sourceTree = SOURCE_ROOT; };
		65359BD1151A7FEF0099D6FE /* JFFAsyncOperationBuilder.h */ = {isa = PBXFileReference; fileEncoding = 4; lastKnownFileType = sourcecode.c.h; name = JFFAsyncOperationBuilder.h; path = AsyncOperartionsBuilder/JFFAsyncOperationBuilder.h; sourceTree = SOURCE_ROOT; };
/* End PBXFileReference section */

/* Begin PBXFrameworksBuildPhase section */
		1B9026BA143F35F800D3B0A0 /* Frameworks */ = {
			isa = PBXFrameworksBuildPhase;
			buildActionMask = 2147483647;
			files = (
				1B9026C1143F35F800D3B0A0 /* Foundation.framework in Frameworks */,
			);
			runOnlyForDeploymentPostprocessing = 0;
		};
/* End PBXFrameworksBuildPhase section */

/* Begin PBXGroup section */
		1B9026B2143F35F800D3B0A0 = {
			isa = PBXGroup;
			children = (
				1B9026C2143F35F800D3B0A0 /* JFFAsyncOpNoARC */,
				1B9026BF143F35F800D3B0A0 /* Frameworks */,
				1B9026BE143F35F800D3B0A0 /* Products */,
			);
			sourceTree = "<group>";
		};
		1B9026BE143F35F800D3B0A0 /* Products */ = {
			isa = PBXGroup;
			children = (
				1B9026BD143F35F800D3B0A0 /* libJFFAsyncOpNoARC.a */,
			);
			name = Products;
			sourceTree = "<group>";
		};
		1B9026BF143F35F800D3B0A0 /* Frameworks */ = {
			isa = PBXGroup;
			children = (
				1B9026C0143F35F800D3B0A0 /* Foundation.framework */,
			);
			name = Frameworks;
			sourceTree = "<group>";
		};
		1B9026C2143F35F800D3B0A0 /* JFFAsyncOpNoARC */ = {
			isa = PBXGroup;
			children = (
				65359BD1151A7FEF0099D6FE /* JFFAsyncOperationBuilder.h */,
				6532667D14C1EB3A004E90B0 /* JFFAsyncOperationsPredefinedBlocks.h */,
				1B0857D71451717C001DDE0A /* JFFAsyncOperationProgressBlockHolder.h */,
				1B0857D81451717C001DDE0A /* JFFCancelAsyncOperationBlockHolder.h */,
				1B0857D91451717C001DDE0A /* JFFDidFinishAsyncOperationBlockHolder.h */,
				1B0857D51451711D001DDE0A /* JFFCallbacksBlocksHolder.h */,
				1B9026FF143F36B700D3B0A0 /* LoadBalancer */,
				1B9026F6143F36B700D3B0A0 /* JFFAsyncOperationsBlockDefinitions.h */,
				1B9026C3143F35F800D3B0A0 /* Supporting Files */,
			);
			path = JFFAsyncOpNoARC;
			sourceTree = "<group>";
		};
		1B9026C3143F35F800D3B0A0 /* Supporting Files */ = {
			isa = PBXGroup;
			children = (
				1B9026D9143F36A100D3B0A0 /* JFFAsyncOperations_Prefix.pch */,
			);
			name = "Supporting Files";
			sourceTree = "<group>";
		};
		1B9026FF143F36B700D3B0A0 /* LoadBalancer */ = {
			isa = PBXGroup;
			children = (
				1B902700143F36B700D3B0A0 /* Detail */,
				1B902709143F36B700D3B0A0 /* JFFAsyncOperationLoadBalancer.h */,
				1B90270A143F36B700D3B0A0 /* JFFAsyncOperationLoadBalancer.m */,
			);
			path = LoadBalancer;
			sourceTree = SOURCE_ROOT;
		};
		1B902700143F36B700D3B0A0 /* Detail */ = {
			isa = PBXGroup;
			children = (
				1B902701143F36B700D3B0A0 /* JFFActiveLoaderData.h */,
				1B902702143F36B700D3B0A0 /* JFFActiveLoaderData.m */,
				1B902703143F36B700D3B0A0 /* JFFAsyncOperationLoadBalancerContexts.h */,
				1B902704143F36B700D3B0A0 /* JFFAsyncOperationLoadBalancerContexts.m */,
				1B902705143F36B700D3B0A0 /* JFFContextLoaders.h */,
				1B902706143F36B700D3B0A0 /* JFFContextLoaders.m */,
				1B902707143F36B700D3B0A0 /* JFFPedingLoaderData.h */,
				1B902708143F36B700D3B0A0 /* JFFPedingLoaderData.m */,
			);
			path = Detail;
			sourceTree = "<group>";
		};
/* End PBXGroup section */

/* Begin PBXHeadersBuildPhase section */
		1B9026BB143F35F800D3B0A0 /* Headers */ = {
			isa = PBXHeadersBuildPhase;
			buildActionMask = 2147483647;
			files = (
				1B9026DA143F36A100D3B0A0 /* JFFAsyncOperations_Prefix.pch in Headers */,
				1B902724143F36B700D3B0A0 /* JFFAsyncOperationsBlockDefinitions.h in Headers */,
				1B90272D143F36B700D3B0A0 /* JFFActiveLoaderData.h in Headers */,
				1B90272F143F36B700D3B0A0 /* JFFAsyncOperationLoadBalancerContexts.h in Headers */,
				1B902731143F36B700D3B0A0 /* JFFContextLoaders.h in Headers */,
				1B902733143F36B700D3B0A0 /* JFFPedingLoaderData.h in Headers */,
				1B902735143F36B700D3B0A0 /* JFFAsyncOperationLoadBalancer.h in Headers */,
				1B0857D61451711D001DDE0A /* JFFCallbacksBlocksHolder.h in Headers */,
				1B0857DA1451717C001DDE0A /* JFFAsyncOperationProgressBlockHolder.h in Headers */,
				1B0857DB1451717C001DDE0A /* JFFCancelAsyncOperationBlockHolder.h in Headers */,
				1B0857DC1451717C001DDE0A /* JFFDidFinishAsyncOperationBlockHolder.h in Headers */,
				6532667E14C1EB3A004E90B0 /* JFFAsyncOperationsPredefinedBlocks.h in Headers */,
				65359BD2151A7FEF0099D6FE /* JFFAsyncOperationBuilder.h in Headers */,
			);
			runOnlyForDeploymentPostprocessing = 0;
		};
/* End PBXHeadersBuildPhase section */

/* Begin PBXNativeTarget section */
		1B9026BC143F35F800D3B0A0 /* JFFAsyncOpNoARC */ = {
			isa = PBXNativeTarget;
			buildConfigurationList = 1B9026CA143F35F800D3B0A0 /* Build configuration list for PBXNativeTarget "JFFAsyncOpNoARC" */;
			buildPhases = (
				1B9026B9143F35F800D3B0A0 /* Sources */,
				1B9026BA143F35F800D3B0A0 /* Frameworks */,
				1B9026BB143F35F800D3B0A0 /* Headers */,
			);
			buildRules = (
			);
			dependencies = (
			);
			name = JFFAsyncOpNoARC;
			productName = JFFAsyncOpNoARC;
			productReference = 1B9026BD143F35F800D3B0A0 /* libJFFAsyncOpNoARC.a */;
			productType = "com.apple.product-type.library.static";
		};
/* End PBXNativeTarget section */

/* Begin PBXProject section */
		1B9026B4143F35F800D3B0A0 /* Project object */ = {
			isa = PBXProject;
			attributes = {
				LastUpgradeCheck = 0460;
			};
			buildConfigurationList = 1B9026B7143F35F800D3B0A0 /* Build configuration list for PBXProject "JFFAsyncOpNoARC" */;
			compatibilityVersion = "Xcode 3.2";
			developmentRegion = English;
			hasScannedForEncodings = 0;
			knownRegions = (
				en,
			);
			mainGroup = 1B9026B2143F35F800D3B0A0;
			productRefGroup = 1B9026BE143F35F800D3B0A0 /* Products */;
			projectDirPath = "";
			projectRoot = "";
			targets = (
				1B9026BC143F35F800D3B0A0 /* JFFAsyncOpNoARC */,
			);
		};
/* End PBXProject section */

/* Begin PBXSourcesBuildPhase section */
		1B9026B9143F35F800D3B0A0 /* Sources */ = {
			isa = PBXSourcesBuildPhase;
			buildActionMask = 2147483647;
			files = (
				1B90272E143F36B700D3B0A0 /* JFFActiveLoaderData.m in Sources */,
				1B902730143F36B700D3B0A0 /* JFFAsyncOperationLoadBalancerContexts.m in Sources */,
				1B902732143F36B700D3B0A0 /* JFFContextLoaders.m in Sources */,
				1B902734143F36B700D3B0A0 /* JFFPedingLoaderData.m in Sources */,
				1B902736143F36B700D3B0A0 /* JFFAsyncOperationLoadBalancer.m in Sources */,
			);
			runOnlyForDeploymentPostprocessing = 0;
		};
/* End PBXSourcesBuildPhase section */

/* Begin XCBuildConfiguration section */
		1B9026C8143F35F800D3B0A0 /* Debug */ = {
			isa = XCBuildConfiguration;
			buildSettings = {
				ALWAYS_SEARCH_USER_PATHS = NO;
				ARCHS = "$(ARCHS_STANDARD_32_BIT)";
				CLANG_WARN_CONSTANT_CONVERSION = YES;
				CLANG_WARN_ENUM_CONVERSION = YES;
				CLANG_WARN_INT_CONVERSION = YES;
				CLANG_WARN__DUPLICATE_METHOD_MATCH = YES;
				COPY_PHASE_STRIP = NO;
				GCC_C_LANGUAGE_STANDARD = gnu99;
				GCC_DYNAMIC_NO_PIC = NO;
				GCC_OPTIMIZATION_LEVEL = 0;
				GCC_PREPROCESSOR_DEFINITIONS = (
					"DEBUG=1",
					"$(inherited)",
				);
				GCC_SYMBOLS_PRIVATE_EXTERN = NO;
				GCC_VERSION = com.apple.compilers.llvm.clang.1_0;
				GCC_WARN_ABOUT_MISSING_PROTOTYPES = YES;
				GCC_WARN_ABOUT_RETURN_TYPE = YES;
				GCC_WARN_UNINITIALIZED_AUTOS = YES;
				GCC_WARN_UNUSED_VARIABLE = YES;
				HEADER_SEARCH_PATHS = ../;
				IPHONEOS_DEPLOYMENT_TARGET = 5.0;
				SDKROOT = iphoneos;
			};
			name = Debug;
		};
		1B9026C9143F35F800D3B0A0 /* Release */ = {
			isa = XCBuildConfiguration;
			buildSettings = {
				ALWAYS_SEARCH_USER_PATHS = NO;
				ARCHS = "$(ARCHS_STANDARD_32_BIT)";
				CLANG_WARN_CONSTANT_CONVERSION = YES;
				CLANG_WARN_ENUM_CONVERSION = YES;
				CLANG_WARN_INT_CONVERSION = YES;
				CLANG_WARN__DUPLICATE_METHOD_MATCH = YES;
				COPY_PHASE_STRIP = YES;
				GCC_C_LANGUAGE_STANDARD = gnu99;
				GCC_VERSION = com.apple.compilers.llvm.clang.1_0;
				GCC_WARN_ABOUT_MISSING_PROTOTYPES = YES;
				GCC_WARN_ABOUT_RETURN_TYPE = YES;
				GCC_WARN_UNINITIALIZED_AUTOS = YES;
				GCC_WARN_UNUSED_VARIABLE = YES;
				HEADER_SEARCH_PATHS = ../;
				IPHONEOS_DEPLOYMENT_TARGET = 5.0;
				SDKROOT = iphoneos;
				VALIDATE_PRODUCT = YES;
			};
			name = Release;
		};
		1B9026CB143F35F800D3B0A0 /* Debug */ = {
			isa = XCBuildConfiguration;
			buildSettings = {
				DSTROOT = /tmp/JFFAsyncOpNoARC.dst;
				GCC_PRECOMPILE_PREFIX_HEADER = YES;
				GCC_PREFIX_HEADER = JFFAsyncOperations_Prefix.pch;
				OTHER_LDFLAGS = "-ObjC";
				PRODUCT_NAME = "$(TARGET_NAME)";
				SKIP_INSTALL = YES;
			};
			name = Debug;
		};
		1B9026CC143F35F800D3B0A0 /* Release */ = {
			isa = XCBuildConfiguration;
			buildSettings = {
				DSTROOT = /tmp/JFFAsyncOpNoARC.dst;
				GCC_PRECOMPILE_PREFIX_HEADER = YES;
				GCC_PREFIX_HEADER = JFFAsyncOperations_Prefix.pch;
				OTHER_LDFLAGS = "-ObjC";
				PRODUCT_NAME = "$(TARGET_NAME)";
				SKIP_INSTALL = YES;
			};
			name = Release;
		};
/* End XCBuildConfiguration section */

/* Begin XCConfigurationList section */
		1B9026B7143F35F800D3B0A0 /* Build configuration list for PBXProject "JFFAsyncOpNoARC" */ = {
			isa = XCConfigurationList;
			buildConfigurations = (
				1B9026C8143F35F800D3B0A0 /* Debug */,
				1B9026C9143F35F800D3B0A0 /* Release */,
			);
			defaultConfigurationIsVisible = 0;
			defaultConfigurationName = Release;
		};
		1B9026CA143F35F800D3B0A0 /* Build configuration list for PBXNativeTarget "JFFAsyncOpNoARC" */ = {
			isa = XCConfigurationList;
			buildConfigurations = (
				1B9026CB143F35F800D3B0A0 /* Debug */,
				1B9026CC143F35F800D3B0A0 /* Release */,
			);
			defaultConfigurationIsVisible = 0;
			defaultConfigurationName = Release;
		};
/* End XCConfigurationList section */
	};
	rootObject = 1B9026B4143F35F800D3B0A0 /* Project object */;
}
